
Microsoft Visual Studio Solution File, Format Version 11.00
# Visual Studio 2010
Project("{2150E333-8FDC-42A3-9474-1A3956D46DE8}") = "Solution Items", "Solution Items", "{8565540D-B642-4992-93DD-E4D26B2667C4}"
	ProjectSection(SolutionItems) = preProject
		DGAC.dll = DGAC.dll
	EndProjectSection
EndProject
Project("{FAE04EC0-301F-11D3-BF4B-00C04F79EFBC}") = "HPC-Shelf-MapReduce", "HPC-Shelf-MapReduce\HPC-Shelf-MapReduce.csproj", "{7AE08D52-2EA4-48E4-B7B9-379C3789B2B5}"
EndProject
Project("{FAE04EC0-301F-11D3-BF4B-00C04F79EFBC}") = "br.ufc.mdcc.hpcshelf.mapreduce.workflow.Mapper", "..\br.ufc.mdcc.hpcshelf.mapreduce.workflow.Mapper\br.ufc.mdcc.hpcshelf.mapreduce.workflow.Mapper\br.ufc.mdcc.hpcshelf.mapreduce.workflow.Mapper.csproj", "{08449497-A987-494B-8DD2-B53211B3C762}"
EndProject
Project("{FAE04EC0-301F-11D3-BF4B-00C04F79EFBC}") = "br.ufc.mdcc.hpcshelf.mapreduce.workflow.Combiner", "..\br.ufc.mdcc.hpcshelf.mapreduce.workflow.Combiner\br.ufc.mdcc.hpcshelf.mapreduce.workflow.Combiner\br.ufc.mdcc.hpcshelf.mapreduce.workflow.Combiner.csproj", "{A456B539-600E-4685-9460-04506F64AF52}"
EndProject
Project("{FAE04EC0-301F-11D3-BF4B-00C04F79EFBC}") = "br.ufc.mdcc.hpcshelf.mapreduce.workflow.Reducer", "..\br.ufc.mdcc.hpcshelf.mapreduce.workflow.Reducer\br.ufc.mdcc.hpcshelf.mapreduce.workflow.Reducer\br.ufc.mdcc.hpcshelf.mapreduce.workflow.Reducer.csproj", "{CD94FE2F-14E1-4B06-B2F1-F99E7A24F47C}"
EndProject
Project("{FAE04EC0-301F-11D3-BF4B-00C04F79EFBC}") = "br.ufc.mdcc.hpcshelf.mapreduce.workflow.Splitter", "..\br.ufc.mdcc.hpcshelf.mapreduce.workflow.Splitter\br.ufc.mdcc.hpcshelf.mapreduce.workflow.Splitter\br.ufc.mdcc.hpcshelf.mapreduce.workflow.Splitter.csproj", "{90623C03-B24B-4448-A81E-901BB4017F36}"
EndProject
Project("{FAE04EC0-301F-11D3-BF4B-00C04F79EFBC}") = "br.ufc.mdcc.hpcshelf.mapreduce.workflow.Shuffler", "..\br.ufc.mdcc.hpcshelf.mapreduce.workflow.Shuffler\br.ufc.mdcc.hpcshelf.mapreduce.workflow.Shuffler\br.ufc.mdcc.hpcshelf.mapreduce.workflow.Shuffler.csproj", "{0E8CF5A1-E562-402B-A17D-9A6BD2416ED3}"
EndProject
Project("{FAE04EC0-301F-11D3-BF4B-00C04F79EFBC}") = "br.ufc.mdcc.hpcshelf.mapreduce.workflow.DataSource", "..\br.ufc.mdcc.hpcshelf.mapreduce.workflow.DataSource\br.ufc.mdcc.hpcshelf.mapreduce.workflow.DataSource\br.ufc.mdcc.hpcshelf.mapreduce.workflow.DataSource.csproj", "{BEE63437-0DC5-4A9F-A8A6-16E755AE9B3B}"
EndProject
Project("{FAE04EC0-301F-11D3-BF4B-00C04F79EFBC}") = "br.ufc.mdcc.hpcshelf.mapreduce.custom.PartitionFunction", "..\br.ufc.mdcc.hpcshelf.mapreduce.custom.PartitionFunction\br.ufc.mdcc.hpcshelf.mapreduce.custom.PartitionFunction\br.ufc.mdcc.hpcshelf.mapreduce.custom.PartitionFunction.csproj", "{ADB1B6BE-28D3-4B10-BBFC-9224181F52C7}"
EndProject
Project("{FAE04EC0-301F-11D3-BF4B-00C04F79EFBC}") = "br.ufc.mdcc.hpcshelf.mapreduce.custom.MapFunction", "..\br.ufc.mdcc.hpcshelf.mapreduce.custom.MapFunction\br.ufc.mdcc.hpcshelf.mapreduce.custom.MapFunction\br.ufc.mdcc.hpcshelf.mapreduce.custom.MapFunction.csproj", "{CC4908F8-3F6B-4F14-9179-64EF033B3371}"
EndProject
Project("{FAE04EC0-301F-11D3-BF4B-00C04F79EFBC}") = "br.ufc.mdcc.hpcshelf.mapreduce.custom.ReduceFunction", "..\br.ufc.mdcc.hpcshelf.mapreduce.custom.ReduceFunction\br.ufc.mdcc.hpcshelf.mapreduce.custom.ReduceFunction\br.ufc.mdcc.hpcshelf.mapreduce.custom.ReduceFunction.csproj", "{F8166152-ED2A-473F-A191-3FC88F611512}"
EndProject
Project("{FAE04EC0-301F-11D3-BF4B-00C04F79EFBC}") = "br.ufc.mdcc.hpcshelf.mapreduce.custom.CombineFunction", "..\br.ufc.mdcc.hpcshelf.mapreduce.custom.CombineFunction\br.ufc.mdcc.hpcshelf.mapreduce.custom.CombineFunction\br.ufc.mdcc.hpcshelf.mapreduce.custom.CombineFunction.csproj", "{FC857A79-4E41-47A2-A542-EE05212148BE}"
EndProject
Project("{FAE04EC0-301F-11D3-BF4B-00C04F79EFBC}") = "br.ufc.mdcc.hpc.storm.kind.Binding", "..\br.ufc.mdcc.hpc.storm.kind.Binding\br.ufc.mdcc.hpc.storm.kind.Binding\br.ufc.mdcc.hpc.storm.kind.Binding.csproj", "{75954E48-9C52-4F6D-8947-13E9D574FBEA}"
EndProject
Project("{FAE04EC0-301F-11D3-BF4B-00C04F79EFBC}") = "br.ufc.mdcc.hpc.storm.binding.environment.EnvironmentBindingBase", "..\br.ufc.mdcc.hpc.storm.binding.environment.EnvironmentBindingBase\br.ufc.mdcc.hpc.storm.binding.environment.EnvironmentBindingBase\br.ufc.mdcc.hpc.storm.binding.environment.EnvironmentBindingBase.csproj", "{226E5496-FDF2-4765-9C43-D2A2770EE760}"
EndProject
Project("{FAE04EC0-301F-11D3-BF4B-00C04F79EFBC}") = "br.ufc.mdcc.hpc.storm.binding.channel.Binding", "..\br.ufc.mdcc.hpc.storm.binding.channel.Binding\br.ufc.mdcc.hpc.storm.binding.channel.Binding\br.ufc.mdcc.hpc.storm.binding.channel.Binding.csproj", "{40488558-F21F-4863-A466-15F96A6CD131}"
EndProject
Project("{FAE04EC0-301F-11D3-BF4B-00C04F79EFBC}") = "br.ufc.mdcc.hpc.storm.binding.channel.impl.BindingImpl", "..\br.ufc.mdcc.hpc.storm.binding.channel.impl.BindingImpl\br.ufc.mdcc.hpc.storm.binding.channel.impl.BindingImpl\br.ufc.mdcc.hpc.storm.binding.channel.impl.BindingImpl.csproj", "{7C4CD88A-478E-4463-8D06-9B23282D8003}"
EndProject
Project("{FAE04EC0-301F-11D3-BF4B-00C04F79EFBC}") = "br.ufc.mdcc.hpc.storm.binding.environment.EnvironmentPortType", "..\br.ufc.mdcc.hpc.storm.binding.environment.EnvironmentPortType\br.ufc.mdcc.hpc.storm.binding.environment.EnvironmentPortType\br.ufc.mdcc.hpc.storm.binding.environment.EnvironmentPortType.csproj", "{4BB52CBE-64B0-4E9C-812F-921ED3FB87AF}"
EndProject
Project("{FAE04EC0-301F-11D3-BF4B-00C04F79EFBC}") = "br.ufc.mdcc.hpc.storm.binding.environment.EnvironmentPortTypeMultiplePartner", "..\br.ufc.mdcc.hpc.storm.binding.environment.EnvironmentPortTypeMultiplePartner\br.ufc.mdcc.hpc.storm.binding.environment.EnvironmentPortTypeMultiplePartner\br.ufc.mdcc.hpc.storm.binding.environment.EnvironmentPortTypeMultiplePartner.csproj", "{B1988D74-54AE-4031-B185-E046226BC359}"
EndProject
Project("{FAE04EC0-301F-11D3-BF4B-00C04F79EFBC}") = "br.ufc.mdcc.hpc.storm.binding.environment.EnvironmentPortTypeSinglePartner", "..\br.ufc.mdcc.hpc.storm.binding.environment.EnvironmentPortTypeSinglePartner\br.ufc.mdcc.hpc.storm.binding.environment.EnvironmentPortTypeSinglePartner\br.ufc.mdcc.hpc.storm.binding.environment.EnvironmentPortTypeSinglePartner.csproj", "{CFC8E9C1-30F7-4A4A-9B1E-9AFA4B474D9A}"
EndProject
Project("{FAE04EC0-301F-11D3-BF4B-00C04F79EFBC}") = "br.ufc.mdcc.hpc.storm.binding.environment.example.MbyN.EnvironmentPortTypeClient", "..\br.ufc.mdcc.hpc.storm.binding.environment.example.MbyN.EnvironmentPortTypeClient\br.ufc.mdcc.hpc.storm.binding.environment.example.MbyN.EnvironmentPortTypeClient\br.ufc.mdcc.hpc.storm.binding.environment.example.MbyN.EnvironmentPortTypeClient.csproj", "{CF89C678-534D-4D6A-BAB5-D141B2CC1455}"
EndProject
Project("{FAE04EC0-301F-11D3-BF4B-00C04F79EFBC}") = "br.ufc.mdcc.hpc.storm.binding.environment.example.MbyN.EnvironmentPortTypeServer", "..\br.ufc.mdcc.hpc.storm.binding.environment.example.MbyN.EnvironmentPortTypeServer\br.ufc.mdcc.hpc.storm.binding.environment.example.MbyN.EnvironmentPortTypeServer\br.ufc.mdcc.hpc.storm.binding.environment.example.MbyN.EnvironmentPortTypeServer.csproj", "{60E1C26D-D1BF-41F4-99CE-B6D5B6D44731}"
EndProject
Project("{FAE04EC0-301F-11D3-BF4B-00C04F79EFBC}") = "br.ufc.mdcc.hpc.storm.binding.environment.EnvironmentBindingMbyN", "..\br.ufc.mdcc.hpc.storm.binding.environment.EnvironmentBindingMbyN\br.ufc.mdcc.hpc.storm.binding.environment.EnvironmentBindingMbyN\br.ufc.mdcc.hpc.storm.binding.environment.EnvironmentBindingMbyN.csproj", "{E3CA865E-AFBF-40C4-B7CE-0CEF37F4B21F}"
EndProject
Project("{FAE04EC0-301F-11D3-BF4B-00C04F79EFBC}") = "br.ufc.mdcc.hpc.storm.binding.environment.EnvironmentBindingMbyNIntra", "..\br.ufc.mdcc.hpc.storm.binding.environment.EnvironmentBindingMbyNIntra\br.ufc.mdcc.hpc.storm.binding.environment.EnvironmentBindingMbyNIntra\br.ufc.mdcc.hpc.storm.binding.environment.EnvironmentBindingMbyNIntra.csproj", "{2740F5B5-682D-40F2-B578-FFF3EC0645FC}"
EndProject
Project("{FAE04EC0-301F-11D3-BF4B-00C04F79EFBC}") = "br.ufc.mdcc.hpc.storm.binding.environment.EnvironmentBindingMbyNInter", "..\br.ufc.mdcc.hpc.storm.binding.environment.EnvironmentBindingMbyNInter\br.ufc.mdcc.hpc.storm.binding.environment.EnvironmentBindingMbyNInter\br.ufc.mdcc.hpc.storm.binding.environment.EnvironmentBindingMbyNInter.csproj", "{2C633D76-F5C2-4801-9564-BB4F68E020BE}"
EndProject
Project("{FAE04EC0-301F-11D3-BF4B-00C04F79EFBC}") = "br.ufc.mdcc.hpc.storm.binding.environment.impl.BindingMbyNIntraExampleImpl", "..\br.ufc.mdcc.hpc.storm.binding.environment.impl.BindingMbyNIntraExampleImpl\br.ufc.mdcc.hpc.storm.binding.environment.impl.BindingMbyNIntraExampleImpl\br.ufc.mdcc.hpc.storm.binding.environment.impl.BindingMbyNIntraExampleImpl.csproj", "{8B87057A-B2AF-4A07-8F2D-E91E930F9188}"
EndProject
Project("{FAE04EC0-301F-11D3-BF4B-00C04F79EFBC}") = "br.ufc.mdcc.common.Data", "..\br.ufc.mdcc.common.Data\br.ufc.mdcc.common.Data\br.ufc.mdcc.common.Data.csproj", "{7CEA4BF7-37CD-4F93-B603-CF5FB9239B1F}"
EndProject
Project("{FAE04EC0-301F-11D3-BF4B-00C04F79EFBC}") = "br.ufc.mdcc.common.KVPair", "..\br.ufc.mdcc.common.KVPair\br.ufc.mdcc.common.KVPair\br.ufc.mdcc.common.KVPair.csproj", "{9B499C49-DA84-475A-B783-2A3D2DEAAA97}"
EndProject
Project("{FAE04EC0-301F-11D3-BF4B-00C04F79EFBC}") = "br.ufc.mdcc.hpcshelf.mapreduce.workflow.DataSink", "..\br.ufc.mdcc.hpcshelf.mapreduce.workflow.DataSink\br.ufc.mdcc.hpcshelf.mapreduce.workflow.DataSink\br.ufc.mdcc.hpcshelf.mapreduce.workflow.DataSink.csproj", "{E27FAA80-9E4B-4CBE-970F-23E98879A3A0}"
EndProject
Project("{FAE04EC0-301F-11D3-BF4B-00C04F79EFBC}") = "br.ufc.mdcc.common.Platform", "..\br.ufc.mdcc.common.Platform\br.ufc.mdcc.common.Platform\br.ufc.mdcc.common.Platform.csproj", "{64735B4D-4D79-4F10-A191-6A3A9F9D54EB}"
EndProject
Project("{FAE04EC0-301F-11D3-BF4B-00C04F79EFBC}") = "br.ufc.mdcc.common.Set", "..\br.ufc.mdcc.common.Set\br.ufc.mdcc.common.Set\br.ufc.mdcc.common.Set.csproj", "{22022ACE-A645-40B7-908A-441CD854EA9A}"
EndProject
Project("{FAE04EC0-301F-11D3-BF4B-00C04F79EFBC}") = "br.ufc.mdcc.hpcshelf.mapreduce.custom.SplitFunction", "..\br.ufc.mdcc.hpcshelf.mapreduce.custom.SplitFunction\br.ufc.mdcc.hpcshelf.mapreduce.custom.SplitFunction\br.ufc.mdcc.hpcshelf.mapreduce.custom.SplitFunction.csproj", "{B1C180D0-5858-44C1-AC56-7897EF241EC2}"
EndProject
Project("{FAE04EC0-301F-11D3-BF4B-00C04F79EFBC}") = "br.ufc.mdcc.hpcshelf.mapreduce.environment.EnvironmentBindingReadData", "..\br.ufc.mdcc.hpcshelf.mapreduce.environment.EnvironmentBindingReadData\br.ufc.mdcc.hpcshelf.mapreduce.environment.EnvironmentBindingReadData\br.ufc.mdcc.hpcshelf.mapreduce.environment.EnvironmentBindingReadData.csproj", "{9CD27D21-A108-48ED-B8F4-03A3AF0321E7}"
EndProject
Project("{FAE04EC0-301F-11D3-BF4B-00C04F79EFBC}") = "br.ufc.mdcc.hpcshelf.mapreduce.environment.EnvironmentBindingWriteData", "..\br.ufc.mdcc.hpcshelf.mapreduce.environment.EnvironmentBindingWriteData\br.ufc.mdcc.hpcshelf.mapreduce.environment.EnvironmentBindingWriteData\br.ufc.mdcc.hpcshelf.mapreduce.environment.EnvironmentBindingWriteData.csproj", "{3478805D-AC1B-449F-A37A-6C41B7294D8B}"
EndProject
Project("{FAE04EC0-301F-11D3-BF4B-00C04F79EFBC}") = "br.ufc.mdcc.hpcshelf.mapreduce.environment.EnvironmentBindingMbyNTakePairs", "..\br.ufc.mdcc.hpcshelf.mapreduce.environment.EnvironmentBindingMbyNTakePairs\br.ufc.mdcc.hpcshelf.mapreduce.environment.EnvironmentBindingMbyNTakePairs\br.ufc.mdcc.hpcshelf.mapreduce.environment.EnvironmentBindingMbyNTakePairs.csproj", "{68127716-3A3A-4CF4-952D-BE4965DEA00D}"
EndProject
Global
	GlobalSection(SolutionConfigurationPlatforms) = preSolution
		Debug|x86 = Debug|x86
		Release|x86 = Release|x86
	EndGlobalSection
	GlobalSection(ProjectConfigurationPlatforms) = postSolution
		{08449497-A987-494B-8DD2-B53211B3C762}.Debug|x86.ActiveCfg = Debug|Any CPU
		{08449497-A987-494B-8DD2-B53211B3C762}.Debug|x86.Build.0 = Debug|Any CPU
		{08449497-A987-494B-8DD2-B53211B3C762}.Release|x86.ActiveCfg = Release|Any CPU
		{08449497-A987-494B-8DD2-B53211B3C762}.Release|x86.Build.0 = Release|Any CPU
		{0E8CF5A1-E562-402B-A17D-9A6BD2416ED3}.Debug|x86.ActiveCfg = Debug|Any CPU
		{0E8CF5A1-E562-402B-A17D-9A6BD2416ED3}.Debug|x86.Build.0 = Debug|Any CPU
		{0E8CF5A1-E562-402B-A17D-9A6BD2416ED3}.Release|x86.ActiveCfg = Release|Any CPU
		{0E8CF5A1-E562-402B-A17D-9A6BD2416ED3}.Release|x86.Build.0 = Release|Any CPU
		{22022ACE-A645-40B7-908A-441CD854EA9A}.Debug|x86.ActiveCfg = Debug|Any CPU
		{22022ACE-A645-40B7-908A-441CD854EA9A}.Debug|x86.Build.0 = Debug|Any CPU
		{22022ACE-A645-40B7-908A-441CD854EA9A}.Release|x86.ActiveCfg = Release|Any CPU
		{22022ACE-A645-40B7-908A-441CD854EA9A}.Release|x86.Build.0 = Release|Any CPU
		{226E5496-FDF2-4765-9C43-D2A2770EE760}.Debug|x86.ActiveCfg = Debug|Any CPU
		{226E5496-FDF2-4765-9C43-D2A2770EE760}.Debug|x86.Build.0 = Debug|Any CPU
		{226E5496-FDF2-4765-9C43-D2A2770EE760}.Release|x86.ActiveCfg = Release|Any CPU
		{226E5496-FDF2-4765-9C43-D2A2770EE760}.Release|x86.Build.0 = Release|Any CPU
		{2740F5B5-682D-40F2-B578-FFF3EC0645FC}.Debug|x86.ActiveCfg = Debug|Any CPU
		{2740F5B5-682D-40F2-B578-FFF3EC0645FC}.Debug|x86.Build.0 = Debug|Any CPU
		{2740F5B5-682D-40F2-B578-FFF3EC0645FC}.Release|x86.ActiveCfg = Release|Any CPU
		{2740F5B5-682D-40F2-B578-FFF3EC0645FC}.Release|x86.Build.0 = Release|Any CPU
		{2C633D76-F5C2-4801-9564-BB4F68E020BE}.Debug|x86.ActiveCfg = Debug|Any CPU
		{2C633D76-F5C2-4801-9564-BB4F68E020BE}.Debug|x86.Build.0 = Debug|Any CPU
		{2C633D76-F5C2-4801-9564-BB4F68E020BE}.Release|x86.ActiveCfg = Release|Any CPU
		{2C633D76-F5C2-4801-9564-BB4F68E020BE}.Release|x86.Build.0 = Release|Any CPU
		{3478805D-AC1B-449F-A37A-6C41B7294D8B}.Debug|x86.ActiveCfg = Debug|Any CPU
		{3478805D-AC1B-449F-A37A-6C41B7294D8B}.Debug|x86.Build.0 = Debug|Any CPU
		{3478805D-AC1B-449F-A37A-6C41B7294D8B}.Release|x86.ActiveCfg = Release|Any CPU
		{3478805D-AC1B-449F-A37A-6C41B7294D8B}.Release|x86.Build.0 = Release|Any CPU
		{40488558-F21F-4863-A466-15F96A6CD131}.Debug|x86.ActiveCfg = Debug|Any CPU
		{40488558-F21F-4863-A466-15F96A6CD131}.Debug|x86.Build.0 = Debug|Any CPU
		{40488558-F21F-4863-A466-15F96A6CD131}.Release|x86.ActiveCfg = Release|Any CPU
		{40488558-F21F-4863-A466-15F96A6CD131}.Release|x86.Build.0 = Release|Any CPU
		{4BB52CBE-64B0-4E9C-812F-921ED3FB87AF}.Debug|x86.ActiveCfg = Debug|Any CPU
		{4BB52CBE-64B0-4E9C-812F-921ED3FB87AF}.Debug|x86.Build.0 = Debug|Any CPU
		{4BB52CBE-64B0-4E9C-812F-921ED3FB87AF}.Release|x86.ActiveCfg = Release|Any CPU
		{4BB52CBE-64B0-4E9C-812F-921ED3FB87AF}.Release|x86.Build.0 = Release|Any CPU
		{60E1C26D-D1BF-41F4-99CE-B6D5B6D44731}.Debug|x86.ActiveCfg = Debug|Any CPU
		{60E1C26D-D1BF-41F4-99CE-B6D5B6D44731}.Debug|x86.Build.0 = Debug|Any CPU
		{60E1C26D-D1BF-41F4-99CE-B6D5B6D44731}.Release|x86.ActiveCfg = Release|Any CPU
		{60E1C26D-D1BF-41F4-99CE-B6D5B6D44731}.Release|x86.Build.0 = Release|Any CPU
		{64735B4D-4D79-4F10-A191-6A3A9F9D54EB}.Debug|x86.ActiveCfg = Debug|Any CPU
		{64735B4D-4D79-4F10-A191-6A3A9F9D54EB}.Debug|x86.Build.0 = Debug|Any CPU
		{64735B4D-4D79-4F10-A191-6A3A9F9D54EB}.Release|x86.ActiveCfg = Release|Any CPU
		{64735B4D-4D79-4F10-A191-6A3A9F9D54EB}.Release|x86.Build.0 = Release|Any CPU
		{68127716-3A3A-4CF4-952D-BE4965DEA00D}.Debug|x86.ActiveCfg = Debug|Any CPU
		{68127716-3A3A-4CF4-952D-BE4965DEA00D}.Debug|x86.Build.0 = Debug|Any CPU
		{68127716-3A3A-4CF4-952D-BE4965DEA00D}.Release|x86.ActiveCfg = Release|Any CPU
		{68127716-3A3A-4CF4-952D-BE4965DEA00D}.Release|x86.Build.0 = Release|Any CPU
		{75954E48-9C52-4F6D-8947-13E9D574FBEA}.Debug|x86.ActiveCfg = Debug|Any CPU
		{75954E48-9C52-4F6D-8947-13E9D574FBEA}.Debug|x86.Build.0 = Debug|Any CPU
		{75954E48-9C52-4F6D-8947-13E9D574FBEA}.Release|x86.ActiveCfg = Release|Any CPU
		{75954E48-9C52-4F6D-8947-13E9D574FBEA}.Release|x86.Build.0 = Release|Any CPU
		{7AE08D52-2EA4-48E4-B7B9-379C3789B2B5}.Debug|x86.ActiveCfg = Debug|x86
		{7AE08D52-2EA4-48E4-B7B9-379C3789B2B5}.Debug|x86.Build.0 = Debug|x86
		{7AE08D52-2EA4-48E4-B7B9-379C3789B2B5}.Release|x86.ActiveCfg = Release|x86
		{7AE08D52-2EA4-48E4-B7B9-379C3789B2B5}.Release|x86.Build.0 = Release|x86
		{7C4CD88A-478E-4463-8D06-9B23282D8003}.Debug|x86.ActiveCfg = Debug|Any CPU
		{7C4CD88A-478E-4463-8D06-9B23282D8003}.Debug|x86.Build.0 = Debug|Any CPU
		{7C4CD88A-478E-4463-8D06-9B23282D8003}.Release|x86.ActiveCfg = Release|Any CPU
		{7C4CD88A-478E-4463-8D06-9B23282D8003}.Release|x86.Build.0 = Release|Any CPU
		{7CEA4BF7-37CD-4F93-B603-CF5FB9239B1F}.Debug|x86.ActiveCfg = Debug|Any CPU
		{7CEA4BF7-37CD-4F93-B603-CF5FB9239B1F}.Debug|x86.Build.0 = Debug|Any CPU
		{7CEA4BF7-37CD-4F93-B603-CF5FB9239B1F}.Release|x86.ActiveCfg = Release|Any CPU
		{7CEA4BF7-37CD-4F93-B603-CF5FB9239B1F}.Release|x86.Build.0 = Release|Any CPU
		{8B87057A-B2AF-4A07-8F2D-E91E930F9188}.Debug|x86.ActiveCfg = Debug|Any CPU
		{8B87057A-B2AF-4A07-8F2D-E91E930F9188}.Debug|x86.Build.0 = Debug|Any CPU
		{8B87057A-B2AF-4A07-8F2D-E91E930F9188}.Release|x86.ActiveCfg = Release|Any CPU
		{8B87057A-B2AF-4A07-8F2D-E91E930F9188}.Release|x86.Build.0 = Release|Any CPU
		{90623C03-B24B-4448-A81E-901BB4017F36}.Debug|x86.ActiveCfg = Debug|Any CPU
		{90623C03-B24B-4448-A81E-901BB4017F36}.Debug|x86.Build.0 = Debug|Any CPU
		{90623C03-B24B-4448-A81E-901BB4017F36}.Release|x86.ActiveCfg = Release|Any CPU
		{90623C03-B24B-4448-A81E-901BB4017F36}.Release|x86.Build.0 = Release|Any CPU
		{9B499C49-DA84-475A-B783-2A3D2DEAAA97}.Debug|x86.ActiveCfg = Debug|Any CPU
		{9B499C49-DA84-475A-B783-2A3D2DEAAA97}.Debug|x86.Build.0 = Debug|Any CPU
		{9B499C49-DA84-475A-B783-2A3D2DEAAA97}.Release|x86.ActiveCfg = Release|Any CPU
		{9B499C49-DA84-475A-B783-2A3D2DEAAA97}.Release|x86.Build.0 = Release|Any CPU
		{9CD27D21-A108-48ED-B8F4-03A3AF0321E7}.Debug|x86.ActiveCfg = Debug|Any CPU
		{9CD27D21-A108-48ED-B8F4-03A3AF0321E7}.Debug|x86.Build.0 = Debug|Any CPU
		{9CD27D21-A108-48ED-B8F4-03A3AF0321E7}.Release|x86.ActiveCfg = Release|Any CPU
		{9CD27D21-A108-48ED-B8F4-03A3AF0321E7}.Release|x86.Build.0 = Release|Any CPU
		{A456B539-600E-4685-9460-04506F64AF52}.Debug|x86.ActiveCfg = Debug|Any CPU
		{A456B539-600E-4685-9460-04506F64AF52}.Debug|x86.Build.0 = Debug|Any CPU
		{A456B539-600E-4685-9460-04506F64AF52}.Release|x86.ActiveCfg = Release|Any CPU
		{A456B539-600E-4685-9460-04506F64AF52}.Release|x86.Build.0 = Release|Any CPU
		{ADB1B6BE-28D3-4B10-BBFC-9224181F52C7}.Debug|x86.ActiveCfg = Debug|Any CPU
		{ADB1B6BE-28D3-4B10-BBFC-9224181F52C7}.Debug|x86.Build.0 = Debug|Any CPU
		{ADB1B6BE-28D3-4B10-BBFC-9224181F52C7}.Release|x86.ActiveCfg = Release|Any CPU
		{ADB1B6BE-28D3-4B10-BBFC-9224181F52C7}.Release|x86.Build.0 = Release|Any CPU
		{B1988D74-54AE-4031-B185-E046226BC359}.Debug|x86.ActiveCfg = Debug|Any CPU
		{B1988D74-54AE-4031-B185-E046226BC359}.Debug|x86.Build.0 = Debug|Any CPU
		{B1988D74-54AE-4031-B185-E046226BC359}.Release|x86.ActiveCfg = Release|Any CPU
		{B1988D74-54AE-4031-B185-E046226BC359}.Release|x86.Build.0 = Release|Any CPU
		{B1C180D0-5858-44C1-AC56-7897EF241EC2}.Debug|x86.ActiveCfg = Debug|Any CPU
		{B1C180D0-5858-44C1-AC56-7897EF241EC2}.Debug|x86.Build.0 = Debug|Any CPU
		{B1C180D0-5858-44C1-AC56-7897EF241EC2}.Release|x86.ActiveCfg = Release|Any CPU
		{B1C180D0-5858-44C1-AC56-7897EF241EC2}.Release|x86.Build.0 = Release|Any CPU
		{BEE63437-0DC5-4A9F-A8A6-16E755AE9B3B}.Debug|x86.ActiveCfg = Debug|Any CPU
		{BEE63437-0DC5-4A9F-A8A6-16E755AE9B3B}.Debug|x86.Build.0 = Debug|Any CPU
		{BEE63437-0DC5-4A9F-A8A6-16E755AE9B3B}.Release|x86.ActiveCfg = Release|Any CPU
		{BEE63437-0DC5-4A9F-A8A6-16E755AE9B3B}.Release|x86.Build.0 = Release|Any CPU
		{CC4908F8-3F6B-4F14-9179-64EF033B3371}.Debug|x86.ActiveCfg = Debug|Any CPU
		{CC4908F8-3F6B-4F14-9179-64EF033B3371}.Debug|x86.Build.0 = Debug|Any CPU
		{CC4908F8-3F6B-4F14-9179-64EF033B3371}.Release|x86.ActiveCfg = Release|Any CPU
		{CC4908F8-3F6B-4F14-9179-64EF033B3371}.Release|x86.Build.0 = Release|Any CPU
		{CD94FE2F-14E1-4B06-B2F1-F99E7A24F47C}.Debug|x86.ActiveCfg = Debug|Any CPU
		{CD94FE2F-14E1-4B06-B2F1-F99E7A24F47C}.Debug|x86.Build.0 = Debug|Any CPU
		{CD94FE2F-14E1-4B06-B2F1-F99E7A24F47C}.Release|x86.ActiveCfg = Release|Any CPU
		{CD94FE2F-14E1-4B06-B2F1-F99E7A24F47C}.Release|x86.Build.0 = Release|Any CPU
		{CF89C678-534D-4D6A-BAB5-D141B2CC1455}.Debug|x86.ActiveCfg = Debug|Any CPU
		{CF89C678-534D-4D6A-BAB5-D141B2CC1455}.Debug|x86.Build.0 = Debug|Any CPU
		{CF89C678-534D-4D6A-BAB5-D141B2CC1455}.Release|x86.ActiveCfg = Release|Any CPU
		{CF89C678-534D-4D6A-BAB5-D141B2CC1455}.Release|x86.Build.0 = Release|Any CPU
		{CFC8E9C1-30F7-4A4A-9B1E-9AFA4B474D9A}.Debug|x86.ActiveCfg = Debug|Any CPU
		{CFC8E9C1-30F7-4A4A-9B1E-9AFA4B474D9A}.Debug|x86.Build.0 = Debug|Any CPU
		{CFC8E9C1-30F7-4A4A-9B1E-9AFA4B474D9A}.Release|x86.ActiveCfg = Release|Any CPU
		{CFC8E9C1-30F7-4A4A-9B1E-9AFA4B474D9A}.Release|x86.Build.0 = Release|Any CPU
		{E27FAA80-9E4B-4CBE-970F-23E98879A3A0}.Debug|x86.ActiveCfg = Debug|Any CPU
		{E27FAA80-9E4B-4CBE-970F-23E98879A3A0}.Debug|x86.Build.0 = Debug|Any CPU
		{E27FAA80-9E4B-4CBE-970F-23E98879A3A0}.Release|x86.ActiveCfg = Release|Any CPU
		{E27FAA80-9E4B-4CBE-970F-23E98879A3A0}.Release|x86.Build.0 = Release|Any CPU
		{E3CA865E-AFBF-40C4-B7CE-0CEF37F4B21F}.Debug|x86.ActiveCfg = Debug|Any CPU
		{E3CA865E-AFBF-40C4-B7CE-0CEF37F4B21F}.Debug|x86.Build.0 = Debug|Any CPU
		{E3CA865E-AFBF-40C4-B7CE-0CEF37F4B21F}.Release|x86.ActiveCfg = Release|Any CPU
		{E3CA865E-AFBF-40C4-B7CE-0CEF37F4B21F}.Release|x86.Build.0 = Release|Any CPU
		{F8166152-ED2A-473F-A191-3FC88F611512}.Debug|x86.ActiveCfg = Debug|Any CPU
		{F8166152-ED2A-473F-A191-3FC88F611512}.Debug|x86.Build.0 = Debug|Any CPU
		{F8166152-ED2A-473F-A191-3FC88F611512}.Release|x86.ActiveCfg = Release|Any CPU
		{F8166152-ED2A-473F-A191-3FC88F611512}.Release|x86.Build.0 = Release|Any CPU
		{FC857A79-4E41-47A2-A542-EE05212148BE}.Debug|x86.ActiveCfg = Debug|Any CPU
		{FC857A79-4E41-47A2-A542-EE05212148BE}.Debug|x86.Build.0 = Debug|Any CPU
		{FC857A79-4E41-47A2-A542-EE05212148BE}.Release|x86.ActiveCfg = Release|Any CPU
		{FC857A79-4E41-47A2-A542-EE05212148BE}.Release|x86.Build.0 = Release|Any CPU
	EndGlobalSection
	GlobalSection(NestedProjects) = preSolution
	EndGlobalSection
EndGlobal
