
Microsoft Visual Studio Solution File, Format Version 11.00
# Visual Studio 2010
Project("{2150E333-8FDC-42A3-9474-1A3956D46DE8}") = "Solution Items", "Solution Items", "{8565540D-B642-4992-93DD-E4D26B2667C4}"
	ProjectSection(SolutionItems) = preProject
		DGAC.dll = DGAC.dll
	EndProjectSection
EndProject
Project("{FAE04EC0-301F-11D3-BF4B-00C04F79EFBC}") = "HPC-Shelf-MapReduce", "HPC-Shelf-MapReduce\HPC-Shelf-MapReduce.csproj", "{7AE08D52-2EA4-48E4-B7B9-379C3789B2B5}"
EndProject
Project("{FAE04EC0-301F-11D3-BF4B-00C04F79EFBC}") = "br.ufc.mdcc.hpcshelf.mapreduce.workflow.Mapper", "..\br.ufc.mdcc.hpcshelf.mapreduce.workflow.Mapper\br.ufc.mdcc.hpcshelf.mapreduce.workflow.Mapper\br.ufc.mdcc.hpcshelf.mapreduce.workflow.Mapper.csproj", "{08449497-A987-494B-8DD2-B53211B3C762}"
EndProject
Project("{FAE04EC0-301F-11D3-BF4B-00C04F79EFBC}") = "br.ufc.mdcc.hpcshelf.mapreduce.workflow.Combiner", "..\br.ufc.mdcc.hpcshelf.mapreduce.workflow.Combiner\br.ufc.mdcc.hpcshelf.mapreduce.workflow.Combiner\br.ufc.mdcc.hpcshelf.mapreduce.workflow.Combiner.csproj", "{A456B539-600E-4685-9460-04506F64AF52}"
EndProject
Project("{FAE04EC0-301F-11D3-BF4B-00C04F79EFBC}") = "br.ufc.mdcc.hpcshelf.mapreduce.workflow.Reducer", "..\br.ufc.mdcc.hpcshelf.mapreduce.workflow.Reducer\br.ufc.mdcc.hpcshelf.mapreduce.workflow.Reducer\br.ufc.mdcc.hpcshelf.mapreduce.workflow.Reducer.csproj", "{CD94FE2F-14E1-4B06-B2F1-F99E7A24F47C}"
EndProject
Project("{FAE04EC0-301F-11D3-BF4B-00C04F79EFBC}") = "br.ufc.mdcc.hpcshelf.mapreduce.workflow.Splitter", "..\br.ufc.mdcc.hpcshelf.mapreduce.workflow.Splitter\br.ufc.mdcc.hpcshelf.mapreduce.workflow.Splitter\br.ufc.mdcc.hpcshelf.mapreduce.workflow.Splitter.csproj", "{90623C03-B24B-4448-A81E-901BB4017F36}"
EndProject
Project("{FAE04EC0-301F-11D3-BF4B-00C04F79EFBC}") = "br.ufc.mdcc.hpcshelf.mapreduce.workflow.DataSource", "..\br.ufc.mdcc.hpcshelf.mapreduce.workflow.DataSource\br.ufc.mdcc.hpcshelf.mapreduce.workflow.DataSource\br.ufc.mdcc.hpcshelf.mapreduce.workflow.DataSource.csproj", "{BEE63437-0DC5-4A9F-A8A6-16E755AE9B3B}"
EndProject
Project("{FAE04EC0-301F-11D3-BF4B-00C04F79EFBC}") = "br.ufc.mdcc.hpcshelf.mapreduce.custom.PartitionFunction", "..\br.ufc.mdcc.hpcshelf.mapreduce.custom.PartitionFunction\br.ufc.mdcc.hpcshelf.mapreduce.custom.PartitionFunction\br.ufc.mdcc.hpcshelf.mapreduce.custom.PartitionFunction.csproj", "{ADB1B6BE-28D3-4B10-BBFC-9224181F52C7}"
EndProject
Project("{FAE04EC0-301F-11D3-BF4B-00C04F79EFBC}") = "br.ufc.mdcc.hpcshelf.mapreduce.custom.MapFunction", "..\br.ufc.mdcc.hpcshelf.mapreduce.custom.MapFunction\br.ufc.mdcc.hpcshelf.mapreduce.custom.MapFunction\br.ufc.mdcc.hpcshelf.mapreduce.custom.MapFunction.csproj", "{CC4908F8-3F6B-4F14-9179-64EF033B3371}"
EndProject
Project("{FAE04EC0-301F-11D3-BF4B-00C04F79EFBC}") = "br.ufc.mdcc.hpcshelf.mapreduce.custom.ReduceFunction", "..\br.ufc.mdcc.hpcshelf.mapreduce.custom.ReduceFunction\br.ufc.mdcc.hpcshelf.mapreduce.custom.ReduceFunction\br.ufc.mdcc.hpcshelf.mapreduce.custom.ReduceFunction.csproj", "{F8166152-ED2A-473F-A191-3FC88F611512}"
EndProject
Project("{FAE04EC0-301F-11D3-BF4B-00C04F79EFBC}") = "br.ufc.mdcc.hpcshelf.mapreduce.custom.CombineFunction", "..\br.ufc.mdcc.hpcshelf.mapreduce.custom.CombineFunction\br.ufc.mdcc.hpcshelf.mapreduce.custom.CombineFunction\br.ufc.mdcc.hpcshelf.mapreduce.custom.CombineFunction.csproj", "{FC857A79-4E41-47A2-A542-EE05212148BE}"
EndProject
Project("{FAE04EC0-301F-11D3-BF4B-00C04F79EFBC}") = "br.ufc.mdcc.hpc.storm.kind.Binding", "..\br.ufc.mdcc.hpc.storm.kind.Binding\br.ufc.mdcc.hpc.storm.kind.Binding\br.ufc.mdcc.hpc.storm.kind.Binding.csproj", "{75954E48-9C52-4F6D-8947-13E9D574FBEA}"
EndProject
Project("{FAE04EC0-301F-11D3-BF4B-00C04F79EFBC}") = "br.ufc.mdcc.hpc.storm.binding.environment.EnvironmentBindingBase", "..\br.ufc.mdcc.hpc.storm.binding.environment.EnvironmentBindingBase\br.ufc.mdcc.hpc.storm.binding.environment.EnvironmentBindingBase\br.ufc.mdcc.hpc.storm.binding.environment.EnvironmentBindingBase.csproj", "{226E5496-FDF2-4765-9C43-D2A2770EE760}"
EndProject
Project("{FAE04EC0-301F-11D3-BF4B-00C04F79EFBC}") = "br.ufc.mdcc.hpc.storm.binding.channel.Binding", "..\br.ufc.mdcc.hpc.storm.binding.channel.Binding\br.ufc.mdcc.hpc.storm.binding.channel.Binding\br.ufc.mdcc.hpc.storm.binding.channel.Binding.csproj", "{40488558-F21F-4863-A466-15F96A6CD131}"
EndProject
Project("{FAE04EC0-301F-11D3-BF4B-00C04F79EFBC}") = "br.ufc.mdcc.hpc.storm.binding.channel.impl.BindingImpl", "..\br.ufc.mdcc.hpc.storm.binding.channel.impl.BindingImpl\br.ufc.mdcc.hpc.storm.binding.channel.impl.BindingImpl\br.ufc.mdcc.hpc.storm.binding.channel.impl.BindingImpl.csproj", "{7C4CD88A-478E-4463-8D06-9B23282D8003}"
EndProject
Project("{FAE04EC0-301F-11D3-BF4B-00C04F79EFBC}") = "br.ufc.mdcc.hpc.storm.binding.environment.EnvironmentPortType", "..\br.ufc.mdcc.hpc.storm.binding.environment.EnvironmentPortType\br.ufc.mdcc.hpc.storm.binding.environment.EnvironmentPortType\br.ufc.mdcc.hpc.storm.binding.environment.EnvironmentPortType.csproj", "{4BB52CBE-64B0-4E9C-812F-921ED3FB87AF}"
EndProject
Project("{FAE04EC0-301F-11D3-BF4B-00C04F79EFBC}") = "br.ufc.mdcc.hpc.storm.binding.environment.EnvironmentPortTypeMultiplePartner", "..\br.ufc.mdcc.hpc.storm.binding.environment.EnvironmentPortTypeMultiplePartner\br.ufc.mdcc.hpc.storm.binding.environment.EnvironmentPortTypeMultiplePartner\br.ufc.mdcc.hpc.storm.binding.environment.EnvironmentPortTypeMultiplePartner.csproj", "{B1988D74-54AE-4031-B185-E046226BC359}"
EndProject
Project("{FAE04EC0-301F-11D3-BF4B-00C04F79EFBC}") = "br.ufc.mdcc.hpc.storm.binding.environment.EnvironmentPortTypeSinglePartner", "..\br.ufc.mdcc.hpc.storm.binding.environment.EnvironmentPortTypeSinglePartner\br.ufc.mdcc.hpc.storm.binding.environment.EnvironmentPortTypeSinglePartner\br.ufc.mdcc.hpc.storm.binding.environment.EnvironmentPortTypeSinglePartner.csproj", "{CFC8E9C1-30F7-4A4A-9B1E-9AFA4B474D9A}"
EndProject
Project("{FAE04EC0-301F-11D3-BF4B-00C04F79EFBC}") = "br.ufc.mdcc.hpc.storm.binding.environment.example.MbyN.EnvironmentPortTypeClient", "..\br.ufc.mdcc.hpc.storm.binding.environment.example.MbyN.EnvironmentPortTypeClient\br.ufc.mdcc.hpc.storm.binding.environment.example.MbyN.EnvironmentPortTypeClient\br.ufc.mdcc.hpc.storm.binding.environment.example.MbyN.EnvironmentPortTypeClient.csproj", "{CF89C678-534D-4D6A-BAB5-D141B2CC1455}"
EndProject
Project("{FAE04EC0-301F-11D3-BF4B-00C04F79EFBC}") = "br.ufc.mdcc.hpc.storm.binding.environment.example.MbyN.EnvironmentPortTypeServer", "..\br.ufc.mdcc.hpc.storm.binding.environment.example.MbyN.EnvironmentPortTypeServer\br.ufc.mdcc.hpc.storm.binding.environment.example.MbyN.EnvironmentPortTypeServer\br.ufc.mdcc.hpc.storm.binding.environment.example.MbyN.EnvironmentPortTypeServer.csproj", "{60E1C26D-D1BF-41F4-99CE-B6D5B6D44731}"
EndProject
Project("{FAE04EC0-301F-11D3-BF4B-00C04F79EFBC}") = "br.ufc.mdcc.hpc.storm.binding.environment.EnvironmentBindingMbyN", "..\br.ufc.mdcc.hpc.storm.binding.environment.EnvironmentBindingMbyN\br.ufc.mdcc.hpc.storm.binding.environment.EnvironmentBindingMbyN\br.ufc.mdcc.hpc.storm.binding.environment.EnvironmentBindingMbyN.csproj", "{E3CA865E-AFBF-40C4-B7CE-0CEF37F4B21F}"
EndProject
Project("{FAE04EC0-301F-11D3-BF4B-00C04F79EFBC}") = "br.ufc.mdcc.hpc.storm.binding.environment.EnvironmentBindingMbyNIntra", "..\br.ufc.mdcc.hpc.storm.binding.environment.EnvironmentBindingMbyNIntra\br.ufc.mdcc.hpc.storm.binding.environment.EnvironmentBindingMbyNIntra\br.ufc.mdcc.hpc.storm.binding.environment.EnvironmentBindingMbyNIntra.csproj", "{2740F5B5-682D-40F2-B578-FFF3EC0645FC}"
EndProject
Project("{FAE04EC0-301F-11D3-BF4B-00C04F79EFBC}") = "br.ufc.mdcc.hpc.storm.binding.environment.EnvironmentBindingMbyNInter", "..\br.ufc.mdcc.hpc.storm.binding.environment.EnvironmentBindingMbyNInter\br.ufc.mdcc.hpc.storm.binding.environment.EnvironmentBindingMbyNInter\br.ufc.mdcc.hpc.storm.binding.environment.EnvironmentBindingMbyNInter.csproj", "{2C633D76-F5C2-4801-9564-BB4F68E020BE}"
EndProject
Project("{FAE04EC0-301F-11D3-BF4B-00C04F79EFBC}") = "br.ufc.mdcc.hpc.storm.binding.environment.impl.BindingMbyNIntraExampleImpl", "..\br.ufc.mdcc.hpc.storm.binding.environment.impl.BindingMbyNIntraExampleImpl\br.ufc.mdcc.hpc.storm.binding.environment.impl.BindingMbyNIntraExampleImpl\br.ufc.mdcc.hpc.storm.binding.environment.impl.BindingMbyNIntraExampleImpl.csproj", "{8B87057A-B2AF-4A07-8F2D-E91E930F9188}"
EndProject
Project("{FAE04EC0-301F-11D3-BF4B-00C04F79EFBC}") = "br.ufc.mdcc.common.Data", "..\br.ufc.mdcc.common.Data\br.ufc.mdcc.common.Data\br.ufc.mdcc.common.Data.csproj", "{7CEA4BF7-37CD-4F93-B603-CF5FB9239B1F}"
EndProject
Project("{FAE04EC0-301F-11D3-BF4B-00C04F79EFBC}") = "br.ufc.mdcc.common.KVPair", "..\br.ufc.mdcc.common.KVPair\br.ufc.mdcc.common.KVPair\br.ufc.mdcc.common.KVPair.csproj", "{9B499C49-DA84-475A-B783-2A3D2DEAAA97}"
EndProject
Project("{FAE04EC0-301F-11D3-BF4B-00C04F79EFBC}") = "br.ufc.mdcc.hpcshelf.mapreduce.workflow.DataSink", "..\br.ufc.mdcc.hpcshelf.mapreduce.workflow.DataSink\br.ufc.mdcc.hpcshelf.mapreduce.workflow.DataSink\br.ufc.mdcc.hpcshelf.mapreduce.workflow.DataSink.csproj", "{E27FAA80-9E4B-4CBE-970F-23E98879A3A0}"
EndProject
Project("{FAE04EC0-301F-11D3-BF4B-00C04F79EFBC}") = "br.ufc.mdcc.common.Platform", "..\br.ufc.mdcc.common.Platform\br.ufc.mdcc.common.Platform\br.ufc.mdcc.common.Platform.csproj", "{64735B4D-4D79-4F10-A191-6A3A9F9D54EB}"
EndProject
Project("{FAE04EC0-301F-11D3-BF4B-00C04F79EFBC}") = "br.ufc.mdcc.common.Set", "..\br.ufc.mdcc.common.Set\br.ufc.mdcc.common.Set\br.ufc.mdcc.common.Set.csproj", "{22022ACE-A645-40B7-908A-441CD854EA9A}"
EndProject
Project("{FAE04EC0-301F-11D3-BF4B-00C04F79EFBC}") = "br.ufc.mdcc.hpcshelf.mapreduce.custom.SplitFunction", "..\br.ufc.mdcc.hpcshelf.mapreduce.custom.SplitFunction\br.ufc.mdcc.hpcshelf.mapreduce.custom.SplitFunction\br.ufc.mdcc.hpcshelf.mapreduce.custom.SplitFunction.csproj", "{B1C180D0-5858-44C1-AC56-7897EF241EC2}"
EndProject
Project("{FAE04EC0-301F-11D3-BF4B-00C04F79EFBC}") = "br.ufc.mdcc.common.Integer", "..\br.ufc.mdcc.common.Integer\br.ufc.mdcc.common.Integer\br.ufc.mdcc.common.Integer.csproj", "{97B35E58-AC6B-44A6-A536-90FA39076265}"
EndProject
Project("{FAE04EC0-301F-11D3-BF4B-00C04F79EFBC}") = "br.ufc.mdcc.hpcshelf.mapreduce.task.mapper.TaskBindingMap", "..\br.ufc.mdcc.hpcshelf.mapreduce.task.mapper.TaskBindingMap\br.ufc.mdcc.hpcshelf.mapreduce.task.mapper.TaskBindingMap\br.ufc.mdcc.hpcshelf.mapreduce.task.mapper.TaskBindingMap.csproj", "{E177A49D-38C9-4D5E-95DF-1816EDB222B0}"
EndProject
Project("{FAE04EC0-301F-11D3-BF4B-00C04F79EFBC}") = "br.ufc.mdcc.hpcshelf.mapreduce.task.combiner.TaskBindingCombine", "..\br.ufc.mdcc.hpcshelf.mapreduce.task.combiner.TaskBindingCombine\br.ufc.mdcc.hpcshelf.mapreduce.task.combiner.TaskBindingCombine\br.ufc.mdcc.hpcshelf.mapreduce.task.combiner.TaskBindingCombine.csproj", "{21145AAB-E43E-4AD5-8C10-A3E31F8DEDE0}"
EndProject
Project("{FAE04EC0-301F-11D3-BF4B-00C04F79EFBC}") = "br.ufc.mdcc.hpcshelf.mapreduce.task.reducer.TaskBindingReduce", "..\br.ufc.mdcc.hpcshelf.mapreduce.task.reducer.TaskBindingReduce\br.ufc.mdcc.hpcshelf.mapreduce.task.reducer.TaskBindingReduce\br.ufc.mdcc.hpcshelf.mapreduce.task.reducer.TaskBindingReduce.csproj", "{D18E3856-C30D-4E6C-8E11-FDDCF65E8763}"
EndProject
Project("{FAE04EC0-301F-11D3-BF4B-00C04F79EFBC}") = "br.ufc.mdcc.hpc.storm.binding.task.TaskBindingBase", "..\br.ufc.mdcc.hpc.storm.binding.task.TaskBindingBase\br.ufc.mdcc.hpc.storm.binding.task.TaskBindingBase\br.ufc.mdcc.hpc.storm.binding.task.TaskBindingBase.csproj", "{816B876F-E438-4F9E-85D8-B98BCCE57044}"
EndProject
Project("{FAE04EC0-301F-11D3-BF4B-00C04F79EFBC}") = "br.ufc.mdcc.hpcshelf.mapreduce.task.TaskPortTypePhases", "..\br.ufc.mdcc.hpcshelf.mapreduce.task.TaskPortTypePhases\br.ufc.mdcc.hpcshelf.mapreduce.task.TaskPortTypePhases\br.ufc.mdcc.hpcshelf.mapreduce.task.TaskPortTypePhases.csproj", "{185D2D48-3773-454D-AC06-4384BAB96F2A}"
EndProject
Project("{FAE04EC0-301F-11D3-BF4B-00C04F79EFBC}") = "br.ufc.mdcc.hpcshelf.mapreduce.task.TaskPortTypeShuffle", "..\br.ufc.mdcc.hpcshelf.mapreduce.task.TaskPortTypeShuffle\br.ufc.mdcc.hpcshelf.mapreduce.task.TaskPortTypeShuffle\br.ufc.mdcc.hpcshelf.mapreduce.task.TaskPortTypeShuffle.csproj", "{B14307C5-3973-45FA-AF81-A155E35F62F7}"
EndProject
Project("{FAE04EC0-301F-11D3-BF4B-00C04F79EFBC}") = "br.ufc.mdcc.hpcshelf.mapreduce.workflow.Shuffle", "..\br.ufc.mdcc.hpcshelf.mapreduce.workflow.Shuffle\br.ufc.mdcc.hpcshelf.mapreduce.workflow.Shuffle\br.ufc.mdcc.hpcshelf.mapreduce.workflow.Shuffle.csproj", "{0E8CF5A1-E562-402B-A17D-9A6BD2416ED3}"
EndProject
Project("{FAE04EC0-301F-11D3-BF4B-00C04F79EFBC}") = "br.ufc.mdcc.hpcshelf.mapreduce.task.shuffler.TaskBindingShuffle", "..\br.ufc.mdcc.hpcshelf.mapreduce.task.shuffler.TaskBindingShuffle\br.ufc.mdcc.hpcshelf.mapreduce.task.shuffler.TaskBindingShuffle\br.ufc.mdcc.hpcshelf.mapreduce.task.shuffler.TaskBindingShuffle.csproj", "{74444345-4DEA-4363-BC42-E59B96A5438C}"
EndProject
Project("{FAE04EC0-301F-11D3-BF4B-00C04F79EFBC}") = "br.ufc.mdcc.hpc.storm.binding.task.TaskPortType", "..\br.ufc.mdcc.hpc.storm.binding.task.TaskPortType\br.ufc.mdcc.hpc.storm.binding.task.TaskPortType\br.ufc.mdcc.hpc.storm.binding.task.TaskPortType.csproj", "{B785892B-10B1-43BA-897F-E6F02CC932D0}"
EndProject
Project("{FAE04EC0-301F-11D3-BF4B-00C04F79EFBC}") = "br.ufc.mdcc.hpcshelf.mapreduce.environment.impl.EnvironmentBindingReadData", "..\br.ufc.mdcc.hpcshelf.mapreduce.environment.impl.EnvironmentBindingReadData\br.ufc.mdcc.hpcshelf.mapreduce.environment.impl.EnvironmentBindingReadData\br.ufc.mdcc.hpcshelf.mapreduce.environment.impl.EnvironmentBindingReadData.csproj", "{5D416C3A-5E9B-4BF0-87F3-7114828AF21B}"
EndProject
Project("{FAE04EC0-301F-11D3-BF4B-00C04F79EFBC}") = "br.ufc.mdcc.hpcshelf.mapreduce.environment.impl.EnvironmentBindingWriteData", "..\br.ufc.mdcc.hpcshelf.mapreduce.environment.impl.EnvironmentBindingWriteData\br.ufc.mdcc.hpcshelf.mapreduce.environment.impl.EnvironmentBindingWriteData\br.ufc.mdcc.hpcshelf.mapreduce.environment.impl.EnvironmentBindingWriteData.csproj", "{93E814EF-BF79-4A30-821C-C352A4D8E4DC}"
EndProject
Project("{FAE04EC0-301F-11D3-BF4B-00C04F79EFBC}") = "br.ufc.mdcc.hpc.storm.binding.task.impl.TaskBindingBaseImpl", "..\br.ufc.mdcc.hpc.storm.binding.task.impl.TaskBindingBaseImpl\br.ufc.mdcc.hpc.storm.binding.task.impl.TaskBindingBaseImpl\br.ufc.mdcc.hpc.storm.binding.task.impl.TaskBindingBaseImpl.csproj", "{72DA50AF-C0DF-4319-8A45-E99E1D85CDB9}"
EndProject
Project("{FAE04EC0-301F-11D3-BF4B-00C04F79EFBC}") = "teste.Binding", "..\teste.Binding\teste.Binding\teste.Binding.csproj", "{E7CDD6AF-5CF7-4BDE-97C0-55E2B7CC3E1E}"
EndProject
Project("{FAE04EC0-301F-11D3-BF4B-00C04F79EFBC}") = "teste.impl.BindingImpl", "..\teste.impl.BindingImpl\teste.impl.BindingImpl\teste.impl.BindingImpl.csproj", "{358A4A28-CB3B-470E-9311-73A63ADA0402}"
EndProject
Project("{FAE04EC0-301F-11D3-BF4B-00C04F79EFBC}") = "teste.TestTaskBindingInternal", "..\teste.TestTaskBindingInternal\teste.TestTaskBindingInternal\teste.TestTaskBindingInternal.csproj", "{0F930666-A765-4D66-BAC2-E63BB6B6EAAA}"
EndProject
Project("{FAE04EC0-301F-11D3-BF4B-00C04F79EFBC}") = "teste.impl.TestTaskBindingInternalImpl", "..\teste.impl.TestTaskBindingInternalImpl\teste.impl.TestTaskBindingInternalImpl\teste.impl.TestTaskBindingInternalImpl.csproj", "{6547A65A-CDED-4A13-82D4-920F5582CC5D}"
EndProject
Project("{FAE04EC0-301F-11D3-BF4B-00C04F79EFBC}") = "teste.TestBindingApp", "..\teste.TestBindingApp\teste.TestBindingApp\teste.TestBindingApp.csproj", "{3797BB1B-720D-494D-9FA9-FDA907F84423}"
EndProject
Project("{FAE04EC0-301F-11D3-BF4B-00C04F79EFBC}") = "teste.impl.TestBindingAppImpl", "..\teste.impl.TestBindingAppImpl\teste.impl.TestBindingAppImpl\teste.impl.TestBindingAppImpl.csproj", "{905C5BF1-D8C4-4F7A-9979-E2AFB68A10FD}"
EndProject
Project("{FAE04EC0-301F-11D3-BF4B-00C04F79EFBC}") = "br.ufc.mdcc.hpcshelf.mapreduce.task.splitter.impl.TaskBindingSplitterImpl", "..\br.ufc.mdcc.hpcshelf.mapreduce.task.splitter.impl.TaskBindingSplitterImpl\br.ufc.mdcc.hpcshelf.mapreduce.task.splitter.impl.TaskBindingSplitterImpl\br.ufc.mdcc.hpcshelf.mapreduce.task.splitter.impl.TaskBindingSplitterImpl.csproj", "{DEB45EAE-4BBD-49D7-9405-E32AE24FB5FB}"
EndProject
Project("{FAE04EC0-301F-11D3-BF4B-00C04F79EFBC}") = "br.ufc.mdcc.hpcshelf.mapreduce.task.mapper.impl.TaskBindingMapImpl", "..\br.ufc.mdcc.hpcshelf.mapreduce.task.mapper.impl.TaskBindingMapImpl\br.ufc.mdcc.hpcshelf.mapreduce.task.mapper.impl.TaskBindingMapImpl\br.ufc.mdcc.hpcshelf.mapreduce.task.mapper.impl.TaskBindingMapImpl.csproj", "{C71FEE3C-3DC6-4CAA-8466-C5574F1252BD}"
EndProject
Project("{FAE04EC0-301F-11D3-BF4B-00C04F79EFBC}") = "br.ufc.mdcc.hpcshelf.mapreduce.workflow.impl.SplitterImpl", "..\br.ufc.mdcc.hpcshelf.mapreduce.workflow.impl.SplitterImpl\br.ufc.mdcc.hpcshelf.mapreduce.workflow.impl.SplitterImpl\br.ufc.mdcc.hpcshelf.mapreduce.workflow.impl.SplitterImpl.csproj", "{0F2DBF84-0C6A-4721-AAB1-DAD7EA675171}"
EndProject
Project("{FAE04EC0-301F-11D3-BF4B-00C04F79EFBC}") = "br.ufc.mdcc.hpcshelf.mapreduce.workflow.impl.ShuffleImpl", "..\br.ufc.mdcc.hpcshelf.mapreduce.workflow.impl.ShuffleImpl\br.ufc.mdcc.hpcshelf.mapreduce.workflow.impl.ShuffleImpl\br.ufc.mdcc.hpcshelf.mapreduce.workflow.impl.ShuffleImpl.csproj", "{7088B853-71AC-4E95-915E-13F4AFCE3A06}"
EndProject
Project("{FAE04EC0-301F-11D3-BF4B-00C04F79EFBC}") = "br.ufc.mdcc.hpcshelf.mapreduce.workflow.impl.ReducerImpl", "..\br.ufc.mdcc.hpcshelf.mapreduce.workflow.impl.ReducerImpl\br.ufc.mdcc.hpcshelf.mapreduce.workflow.impl.ReducerImpl\br.ufc.mdcc.hpcshelf.mapreduce.workflow.impl.ReducerImpl.csproj", "{C596246A-A457-4518-B3A4-9A5A26019C2C}"
EndProject
Project("{FAE04EC0-301F-11D3-BF4B-00C04F79EFBC}") = "br.ufc.mdcc.hpcshelf.mapreduce.workflow.impl.MapperImpl", "..\br.ufc.mdcc.hpcshelf.mapreduce.workflow.impl.MapperImpl\br.ufc.mdcc.hpcshelf.mapreduce.workflow.impl.MapperImpl\br.ufc.mdcc.hpcshelf.mapreduce.workflow.impl.MapperImpl.csproj", "{56ED583C-9885-460A-BE2E-1840DD8A2897}"
EndProject
Project("{FAE04EC0-301F-11D3-BF4B-00C04F79EFBC}") = "br.ufc.mdcc.hpcshelf.mapreduce.workflow.impl.DataSourceImpl", "..\br.ufc.mdcc.hpcshelf.mapreduce.workflow.impl.DataSourceImpl\br.ufc.mdcc.hpcshelf.mapreduce.workflow.impl.DataSourceImpl\br.ufc.mdcc.hpcshelf.mapreduce.workflow.impl.DataSourceImpl.csproj", "{0B8363BE-935C-4EBF-B4ED-C45141D60353}"
EndProject
Project("{FAE04EC0-301F-11D3-BF4B-00C04F79EFBC}") = "br.ufc.mdcc.hpcshelf.mapreduce.workflow.impl.DataSinkImpl", "..\br.ufc.mdcc.hpcshelf.mapreduce.workflow.impl.DataSinkImpl\br.ufc.mdcc.hpcshelf.mapreduce.workflow.impl.DataSinkImpl\br.ufc.mdcc.hpcshelf.mapreduce.workflow.impl.DataSinkImpl.csproj", "{79FBBB8B-B07B-45E4-AD23-5556010C8B6F}"
EndProject
Project("{FAE04EC0-301F-11D3-BF4B-00C04F79EFBC}") = "br.ufc.mdcc.hpcshelf.mapreduce.workflow.impl.CombinerImpl", "..\br.ufc.mdcc.hpcshelf.mapreduce.workflow.impl.CombinerImpl\br.ufc.mdcc.hpcshelf.mapreduce.workflow.impl.CombinerImpl\br.ufc.mdcc.hpcshelf.mapreduce.workflow.impl.CombinerImpl.csproj", "{DE0A9156-9310-4766-AAE7-45C05A3984FB}"
EndProject
Project("{FAE04EC0-301F-11D3-BF4B-00C04F79EFBC}") = "br.ufc.mdcc.hpcshelf.mapreduce.task.shuffler.impl.TaskBindingShuffleImpl", "..\br.ufc.mdcc.hpcshelf.mapreduce.task.shuffler.impl.TaskBindingShuffleImpl\br.ufc.mdcc.hpcshelf.mapreduce.task.shuffler.impl.TaskBindingShuffleImpl\br.ufc.mdcc.hpcshelf.mapreduce.task.shuffler.impl.TaskBindingShuffleImpl.csproj", "{657D415E-1B45-40B1-8391-64A89A99B3FE}"
EndProject
Project("{FAE04EC0-301F-11D3-BF4B-00C04F79EFBC}") = "br.ufc.mdcc.hpcshelf.mapreduce.task.reducer.impl.TaskBindingReduceImpl", "..\br.ufc.mdcc.hpcshelf.mapreduce.task.reducer.impl.TaskBindingReduceImpl\br.ufc.mdcc.hpcshelf.mapreduce.task.reducer.impl.TaskBindingReduceImpl\br.ufc.mdcc.hpcshelf.mapreduce.task.reducer.impl.TaskBindingReduceImpl.csproj", "{1B90AE52-0724-4D77-A06D-4BCF1C25DCBA}"
EndProject
Project("{FAE04EC0-301F-11D3-BF4B-00C04F79EFBC}") = "br.ufc.mdcc.hpcshelf.mapreduce.task.combiner.impl.TaskBindingCombineImpl", "..\br.ufc.mdcc.hpcshelf.mapreduce.task.combiner.impl.TaskBindingCombineImpl\br.ufc.mdcc.hpcshelf.mapreduce.task.combiner.impl.TaskBindingCombineImpl\br.ufc.mdcc.hpcshelf.mapreduce.task.combiner.impl.TaskBindingCombineImpl.csproj", "{D07BC143-6F12-49E0-AD55-13E1EF6290F8}"
EndProject
Project("{FAE04EC0-301F-11D3-BF4B-00C04F79EFBC}") = "br.ufc.mdcc.hpcshelf.mapreduce.environment.MbyN.EnvironmentPortTypeTakePairsClient", "..\br.ufc.mdcc.hpcshelf.mapreduce.environment.MbyN.EnvironmentPortTypeTakePairsClient\br.ufc.mdcc.hpcshelf.mapreduce.environment.MbyN.EnvironmentPortTypeTakePairsClient\br.ufc.mdcc.hpcshelf.mapreduce.environment.MbyN.EnvironmentPortTypeTakePairsClient.csproj", "{1541079A-D275-4C8A-A5AD-78AE6B3944D4}"
EndProject
Project("{FAE04EC0-301F-11D3-BF4B-00C04F79EFBC}") = "br.ufc.mdcc.hpcshelf.mapreduce.environment.MbyN.EnvironmentPortTypeTakePairsServer", "..\br.ufc.mdcc.hpcshelf.mapreduce.environment.MbyN.EnvironmentPortTypeTakePairsServer\br.ufc.mdcc.hpcshelf.mapreduce.environment.MbyN.EnvironmentPortTypeTakePairsServer\br.ufc.mdcc.hpcshelf.mapreduce.environment.MbyN.EnvironmentPortTypeTakePairsServer.csproj", "{266CA400-6048-4CF6-875B-D3B7E2B19E90}"
EndProject
Project("{FAE04EC0-301F-11D3-BF4B-00C04F79EFBC}") = "br.ufc.mdcc.hpcshelf.mapreduce.environment.impl.EnvironmentBindingMbyNIntraTakePairs", "..\br.ufc.mdcc.hpcshelf.mapreduce.environment.impl.EnvironmentBindingMbyNIntraTakePairs\br.ufc.mdcc.hpcshelf.mapreduce.environment.impl.EnvironmentBindingMbyNIntraTakePairs\br.ufc.mdcc.hpcshelf.mapreduce.environment.impl.EnvironmentBindingMbyNIntraTakePairs.csproj", "{183F0348-98E4-4C67-9BC9-B1D9CEB40D12}"
EndProject
Project("{FAE04EC0-301F-11D3-BF4B-00C04F79EFBC}") = "br.ufc.mdcc.hpcshelf.mapreduce.environment.Base.EnvironmentPortTypeReadDataClient", "..\br.ufc.mdcc.hpcshelf.mapreduce.environment.Base.EnvironmentPortTypeReadDataClient\br.ufc.mdcc.hpcshelf.mapreduce.environment.Base.EnvironmentPortTypeReadDataClient\br.ufc.mdcc.hpcshelf.mapreduce.environment.Base.EnvironmentPortTypeReadDataClient.csproj", "{36C305B8-7501-41F1-BBDF-D92BE74A5BB7}"
EndProject
Project("{FAE04EC0-301F-11D3-BF4B-00C04F79EFBC}") = "br.ufc.mdcc.hpcshelf.mapreduce.environment.Base.EnvironmentPortTypeReadDataServer", "..\br.ufc.mdcc.hpcshelf.mapreduce.environment.Base.EnvironmentPortTypeReadDataServer\br.ufc.mdcc.hpcshelf.mapreduce.environment.Base.EnvironmentPortTypeReadDataServer\br.ufc.mdcc.hpcshelf.mapreduce.environment.Base.EnvironmentPortTypeReadDataServer.csproj", "{4A017485-9CB1-4B45-8D0B-BC3FAEC30C48}"
EndProject
Project("{FAE04EC0-301F-11D3-BF4B-00C04F79EFBC}") = "br.ufc.mdcc.hpcshelf.mapreduce.environment.Base.EnvironmentPortTypeWriteDataClient", "..\br.ufc.mdcc.hpcshelf.mapreduce.environment.Base.EnvironmentPortTypeWriteDataClient\br.ufc.mdcc.hpcshelf.mapreduce.environment.Base.EnvironmentPortTypeWriteDataClient\br.ufc.mdcc.hpcshelf.mapreduce.environment.Base.EnvironmentPortTypeWriteDataClient.csproj", "{10C7C5AF-8CC3-4835-A142-EA380FB4D194}"
EndProject
Project("{FAE04EC0-301F-11D3-BF4B-00C04F79EFBC}") = "br.ufc.mdcc.hpcshelf.mapreduce.environment.Base.EnvironmentPortTypeWriteDataServer", "..\br.ufc.mdcc.hpcshelf.mapreduce.environment.Base.EnvironmentPortTypeWriteDataServer\br.ufc.mdcc.hpcshelf.mapreduce.environment.Base.EnvironmentPortTypeWriteDataServer\br.ufc.mdcc.hpcshelf.mapreduce.environment.Base.EnvironmentPortTypeWriteDataServer.csproj", "{01E7820B-226A-415D-9A68-5F2CE88D79E8}"
EndProject
Project("{FAE04EC0-301F-11D3-BF4B-00C04F79EFBC}") = "teste.TestTaskBindingInternal1", "..\teste.TestTaskBindingInternal1\teste.TestTaskBindingInternal1\teste.TestTaskBindingInternal1.csproj", "{E1CD9735-71E9-4E13-BDBC-90CD5D1041C5}"
EndProject
Project("{FAE04EC0-301F-11D3-BF4B-00C04F79EFBC}") = "teste.TestTaskBindingInternal2", "..\teste.TestTaskBindingInternal2\teste.TestTaskBindingInternal2\teste.TestTaskBindingInternal2.csproj", "{D8B5A34D-B277-44D0-9355-C8F380D4721B}"
EndProject
Project("{FAE04EC0-301F-11D3-BF4B-00C04F79EFBC}") = "teste.TestTaskBindingInternalApp", "..\teste.TestTaskBindingInternalApp\teste.TestTaskBindingInternalApp\teste.TestTaskBindingInternalApp.csproj", "{7253370C-DA43-43D7-B44D-FD635AC0482D}"
EndProject
Project("{FAE04EC0-301F-11D3-BF4B-00C04F79EFBC}") = "teste.TestTaskBindingInternal1Impl", "..\teste.TestTaskBindingInternal1Impl\teste.TestTaskBindingInternal1Impl\teste.TestTaskBindingInternal1Impl.csproj", "{94087DF9-A442-4D4F-A863-E6F949B879BD}"
EndProject
Project("{FAE04EC0-301F-11D3-BF4B-00C04F79EFBC}") = "teste.TestTaskBindingInternal2Impl", "..\teste.TestTaskBindingInternal2Impl\teste.TestTaskBindingInternal2Impl\teste.TestTaskBindingInternal2Impl.csproj", "{A0248BB9-1386-412C-904B-255B07FEF1CB}"
EndProject
Project("{FAE04EC0-301F-11D3-BF4B-00C04F79EFBC}") = "teste.TestTaskBindingInternalAppImpl", "..\teste.TestTaskBindingInternalAppImpl\teste.TestTaskBindingInternalAppImpl\teste.TestTaskBindingInternalAppImpl.csproj", "{EC588350-36AF-4861-94E2-31BC482B6042}"
EndProject
Project("{FAE04EC0-301F-11D3-BF4B-00C04F79EFBC}") = "teste.TestTaskBindingInternal3", "..\teste.TestTaskBindingInternal3\teste.TestTaskBindingInternal3\teste.TestTaskBindingInternal3.csproj", "{1834E45F-FDBD-459A-805D-EEDB8943D7AD}"
EndProject
Project("{FAE04EC0-301F-11D3-BF4B-00C04F79EFBC}") = "teste.TestTaskBindingInternal3Impl", "..\teste.TestTaskBindingInternal3Impl\teste.TestTaskBindingInternal3Impl\teste.TestTaskBindingInternal3Impl.csproj", "{E20AD612-F023-4849-8AA0-C2A46DB10CB9}"
EndProject
Project("{FAE04EC0-301F-11D3-BF4B-00C04F79EFBC}") = "teste.TestTaskBindingInternal4", "..\teste.TestTaskBindingInternal4\teste.TestTaskBindingInternal4\teste.TestTaskBindingInternal4.csproj", "{B9BFF4AB-1DEF-4BBF-9BFA-3F069D3F30E5}"
EndProject
Project("{FAE04EC0-301F-11D3-BF4B-00C04F79EFBC}") = "teste.TestTaskBindingInternal4Impl", "..\teste.TestTaskBindingInternal4Impl\teste.TestTaskBindingInternal4Impl\teste.TestTaskBindingInternal4Impl.csproj", "{6413038E-77F7-4640-AFB7-5A2CA0606B5E}"
EndProject
Project("{FAE04EC0-301F-11D3-BF4B-00C04F79EFBC}") = "br.ufc.mdcc.hpcshelf.mapreduce.task.TaskPortTypeMap", "..\br.ufc.mdcc.hpcshelf.mapreduce.task.TaskPortTypeMap\br.ufc.mdcc.hpcshelf.mapreduce.task.TaskPortTypeMap\br.ufc.mdcc.hpcshelf.mapreduce.task.TaskPortTypeMap.csproj", "{179FCEAC-931F-40A7-8FC5-B7B7675C6398}"
EndProject
Project("{FAE04EC0-301F-11D3-BF4B-00C04F79EFBC}") = "br.ufc.mdcc.hpcshelf.mapreduce.task.TaskPortTypeReduce", "..\br.ufc.mdcc.hpcshelf.mapreduce.task.TaskPortTypeReduce\br.ufc.mdcc.hpcshelf.mapreduce.task.TaskPortTypeReduce\br.ufc.mdcc.hpcshelf.mapreduce.task.TaskPortTypeReduce.csproj", "{3A71B57E-2F80-47ED-B2DF-C1A52EFF065F}"
EndProject
Project("{FAE04EC0-301F-11D3-BF4B-00C04F79EFBC}") = "br.ufc.mdcc.hpcshelf.mapreduce.task.TaskPortTypeCombine", "..\br.ufc.mdcc.hpcshelf.mapreduce.task.TaskPortTypeCombine\br.ufc.mdcc.hpcshelf.mapreduce.task.TaskPortTypeCombine\br.ufc.mdcc.hpcshelf.mapreduce.task.TaskPortTypeCombine.csproj", "{AEA7E588-A239-43A6-90F8-1660EB68FC51}"
EndProject
Project("{FAE04EC0-301F-11D3-BF4B-00C04F79EFBC}") = "br.ufc.mdcc.hpcshelf.mapreduce.task.splitter.TaskBindingSplitterMap", "..\br.ufc.mdcc.hpcshelf.mapreduce.task.splitter.TaskBindingSplitterMap\br.ufc.mdcc.hpcshelf.mapreduce.task.splitter.TaskBindingSplitterMap\br.ufc.mdcc.hpcshelf.mapreduce.task.splitter.TaskBindingSplitterMap.csproj", "{57EEA12B-00AE-44D4-908D-D27091708EBA}"
EndProject
Project("{FAE04EC0-301F-11D3-BF4B-00C04F79EFBC}") = "br.ufc.mdcc.hpcshelf.mapreduce.task.splitter.TaskBindingSplitterRead", "..\br.ufc.mdcc.hpcshelf.mapreduce.task.splitter.TaskBindingSplitterRead\br.ufc.mdcc.hpcshelf.mapreduce.task.splitter.TaskBindingSplitterRead\br.ufc.mdcc.hpcshelf.mapreduce.task.splitter.TaskBindingSplitterRead.csproj", "{F898DC42-348B-41DF-8897-CBCC1508C01A}"
EndProject
Project("{FAE04EC0-301F-11D3-BF4B-00C04F79EFBC}") = "br.ufc.mdcc.hpcshelf.mapreduce.task.splitter.TaskBindingSplitterReduce", "..\br.ufc.mdcc.hpcshelf.mapreduce.task.splitter.TaskBindingSplitterReduce\br.ufc.mdcc.hpcshelf.mapreduce.task.splitter.TaskBindingSplitterReduce\br.ufc.mdcc.hpcshelf.mapreduce.task.splitter.TaskBindingSplitterReduce.csproj", "{17F76BD0-69A1-496B-813A-5AD78197F254}"
EndProject
Project("{FAE04EC0-301F-11D3-BF4B-00C04F79EFBC}") = "br.ufc.mdcc.hpcshelf.mapreduce.task.splitter.TaskBindingSplitterWrite", "..\br.ufc.mdcc.hpcshelf.mapreduce.task.splitter.TaskBindingSplitterWrite\br.ufc.mdcc.hpcshelf.mapreduce.task.splitter.TaskBindingSplitterWrite\br.ufc.mdcc.hpcshelf.mapreduce.task.splitter.TaskBindingSplitterWrite.csproj", "{9FA88307-C7D6-46F4-9489-EAA3FAB07F9D}"
EndProject
Project("{FAE04EC0-301F-11D3-BF4B-00C04F79EFBC}") = "br.ufc.mdcc.hpcshelf.mapreduce.task.TaskPortTypeSplitterMap", "..\br.ufc.mdcc.hpcshelf.mapreduce.task.TaskPortTypeSplitterMap\br.ufc.mdcc.hpcshelf.mapreduce.task.TaskPortTypeSplitterMap\br.ufc.mdcc.hpcshelf.mapreduce.task.TaskPortTypeSplitterMap.csproj", "{51AEF219-1F9D-4E9C-BA63-5999E7C266BA}"
EndProject
Project("{FAE04EC0-301F-11D3-BF4B-00C04F79EFBC}") = "br.ufc.mdcc.hpcshelf.mapreduce.task.TaskPortTypeSplitterReduce", "..\br.ufc.mdcc.hpcshelf.mapreduce.task.TaskPortTypeSplitterReduce\br.ufc.mdcc.hpcshelf.mapreduce.task.TaskPortTypeSplitterReduce\br.ufc.mdcc.hpcshelf.mapreduce.task.TaskPortTypeSplitterReduce.csproj", "{83DE5EAC-E8AD-4AE2-9F97-226B728E0F32}"
EndProject
Project("{FAE04EC0-301F-11D3-BF4B-00C04F79EFBC}") = "br.ufc.mdcc.hpcshelf.mapreduce.task.TaskPortTypeSplitterWrite", "..\br.ufc.mdcc.hpcshelf.mapreduce.task.TaskPortTypeSplitterWrite\br.ufc.mdcc.hpcshelf.mapreduce.task.TaskPortTypeSplitterWrite\br.ufc.mdcc.hpcshelf.mapreduce.task.TaskPortTypeSplitterWrite.csproj", "{B362FA9C-9C48-49E5-8CF1-D9F69A4EE764}"
EndProject
Project("{FAE04EC0-301F-11D3-BF4B-00C04F79EFBC}") = "br.ufc.mdcc.hpcshelf.mapreduce.task.TaskPortTypeSplitterRead", "..\br.ufc.mdcc.hpcshelf.mapreduce.task.TaskPortTypeSplitterRead\br.ufc.mdcc.hpcshelf.mapreduce.task.TaskPortTypeSplitterRead\br.ufc.mdcc.hpcshelf.mapreduce.task.TaskPortTypeSplitterRead.csproj", "{EED2576B-7B84-4749-B5F1-1B58FD57AEA0}"
EndProject
Project("{FAE04EC0-301F-11D3-BF4B-00C04F79EFBC}") = "br.ufc.mdcc.hpcshelf.mapreduce.task.splitter.impl.TaskBindingSplitterMapImpl", "..\br.ufc.mdcc.hpcshelf.mapreduce.task.splitter.impl.TaskBindingSplitterMapImpl\br.ufc.mdcc.hpcshelf.mapreduce.task.splitter.impl.TaskBindingSplitterMapImpl\br.ufc.mdcc.hpcshelf.mapreduce.task.splitter.impl.TaskBindingSplitterMapImpl.csproj", "{3ACBE050-C6C5-4F8A-9F81-B6F05719FD85}"
EndProject
Project("{FAE04EC0-301F-11D3-BF4B-00C04F79EFBC}") = "br.ufc.mdcc.hpcshelf.mapreduce.task.splitter.impl.TaskBindingSplitterReadImpl", "..\br.ufc.mdcc.hpcshelf.mapreduce.task.splitter.impl.TaskBindingSplitterReadImpl\br.ufc.mdcc.hpcshelf.mapreduce.task.splitter.impl.TaskBindingSplitterReadImpl\br.ufc.mdcc.hpcshelf.mapreduce.task.splitter.impl.TaskBindingSplitterReadImpl.csproj", "{F6E4EB51-5680-455D-A1CD-CF85E9E001D1}"
EndProject
Project("{FAE04EC0-301F-11D3-BF4B-00C04F79EFBC}") = "br.ufc.mdcc.hpcshelf.mapreduce.task.splitter.impl.TaskBindingSplitterReduceImpl", "..\br.ufc.mdcc.hpcshelf.mapreduce.task.splitter.impl.TaskBindingSplitterReduceImpl\br.ufc.mdcc.hpcshelf.mapreduce.task.splitter.impl.TaskBindingSplitterReduceImpl\br.ufc.mdcc.hpcshelf.mapreduce.task.splitter.impl.TaskBindingSplitterReduceImpl.csproj", "{55C36D60-DFC6-458B-B8A7-21881CED4FA0}"
EndProject
Project("{FAE04EC0-301F-11D3-BF4B-00C04F79EFBC}") = "br.ufc.mdcc.hpcshelf.mapreduce.task.splitter.impl.TaskBindingSplitterWriteImpl", "..\br.ufc.mdcc.hpcshelf.mapreduce.task.splitter.impl.TaskBindingSplitterWriteImpl\br.ufc.mdcc.hpcshelf.mapreduce.task.splitter.impl.TaskBindingSplitterWriteImpl\br.ufc.mdcc.hpcshelf.mapreduce.task.splitter.impl.TaskBindingSplitterWriteImpl.csproj", "{28D1A9B2-2D89-4F3C-A918-37D6A11D05FE}"
EndProject
Global
	GlobalSection(SolutionConfigurationPlatforms) = preSolution
		Debug|x86 = Debug|x86
		Release|x86 = Release|x86
	EndGlobalSection
	GlobalSection(ProjectConfigurationPlatforms) = postSolution
		{01E7820B-226A-415D-9A68-5F2CE88D79E8}.Debug|x86.ActiveCfg = Debug|Any CPU
		{01E7820B-226A-415D-9A68-5F2CE88D79E8}.Debug|x86.Build.0 = Debug|Any CPU
		{01E7820B-226A-415D-9A68-5F2CE88D79E8}.Release|x86.ActiveCfg = Release|Any CPU
		{01E7820B-226A-415D-9A68-5F2CE88D79E8}.Release|x86.Build.0 = Release|Any CPU
		{08449497-A987-494B-8DD2-B53211B3C762}.Debug|x86.ActiveCfg = Debug|Any CPU
		{08449497-A987-494B-8DD2-B53211B3C762}.Debug|x86.Build.0 = Debug|Any CPU
		{08449497-A987-494B-8DD2-B53211B3C762}.Release|x86.ActiveCfg = Release|Any CPU
		{08449497-A987-494B-8DD2-B53211B3C762}.Release|x86.Build.0 = Release|Any CPU
		{0B8363BE-935C-4EBF-B4ED-C45141D60353}.Debug|x86.ActiveCfg = Debug|Any CPU
		{0B8363BE-935C-4EBF-B4ED-C45141D60353}.Debug|x86.Build.0 = Debug|Any CPU
		{0B8363BE-935C-4EBF-B4ED-C45141D60353}.Release|x86.ActiveCfg = Release|Any CPU
		{0B8363BE-935C-4EBF-B4ED-C45141D60353}.Release|x86.Build.0 = Release|Any CPU
		{0E8CF5A1-E562-402B-A17D-9A6BD2416ED3}.Debug|x86.ActiveCfg = Debug|Any CPU
		{0E8CF5A1-E562-402B-A17D-9A6BD2416ED3}.Debug|x86.Build.0 = Debug|Any CPU
		{0E8CF5A1-E562-402B-A17D-9A6BD2416ED3}.Release|x86.ActiveCfg = Release|Any CPU
		{0E8CF5A1-E562-402B-A17D-9A6BD2416ED3}.Release|x86.Build.0 = Release|Any CPU
		{0F2DBF84-0C6A-4721-AAB1-DAD7EA675171}.Debug|x86.ActiveCfg = Debug|Any CPU
		{0F2DBF84-0C6A-4721-AAB1-DAD7EA675171}.Debug|x86.Build.0 = Debug|Any CPU
		{0F2DBF84-0C6A-4721-AAB1-DAD7EA675171}.Release|x86.ActiveCfg = Release|Any CPU
		{0F2DBF84-0C6A-4721-AAB1-DAD7EA675171}.Release|x86.Build.0 = Release|Any CPU
		{0F930666-A765-4D66-BAC2-E63BB6B6EAAA}.Debug|x86.ActiveCfg = Debug|Any CPU
		{0F930666-A765-4D66-BAC2-E63BB6B6EAAA}.Debug|x86.Build.0 = Debug|Any CPU
		{0F930666-A765-4D66-BAC2-E63BB6B6EAAA}.Release|x86.ActiveCfg = Release|Any CPU
		{0F930666-A765-4D66-BAC2-E63BB6B6EAAA}.Release|x86.Build.0 = Release|Any CPU
		{10C7C5AF-8CC3-4835-A142-EA380FB4D194}.Debug|x86.ActiveCfg = Debug|Any CPU
		{10C7C5AF-8CC3-4835-A142-EA380FB4D194}.Debug|x86.Build.0 = Debug|Any CPU
		{10C7C5AF-8CC3-4835-A142-EA380FB4D194}.Release|x86.ActiveCfg = Release|Any CPU
		{10C7C5AF-8CC3-4835-A142-EA380FB4D194}.Release|x86.Build.0 = Release|Any CPU
		{1541079A-D275-4C8A-A5AD-78AE6B3944D4}.Debug|x86.ActiveCfg = Debug|Any CPU
		{1541079A-D275-4C8A-A5AD-78AE6B3944D4}.Debug|x86.Build.0 = Debug|Any CPU
		{1541079A-D275-4C8A-A5AD-78AE6B3944D4}.Release|x86.ActiveCfg = Release|Any CPU
		{1541079A-D275-4C8A-A5AD-78AE6B3944D4}.Release|x86.Build.0 = Release|Any CPU
		{179FCEAC-931F-40A7-8FC5-B7B7675C6398}.Debug|x86.ActiveCfg = Debug|Any CPU
		{179FCEAC-931F-40A7-8FC5-B7B7675C6398}.Debug|x86.Build.0 = Debug|Any CPU
		{179FCEAC-931F-40A7-8FC5-B7B7675C6398}.Release|x86.ActiveCfg = Release|Any CPU
		{179FCEAC-931F-40A7-8FC5-B7B7675C6398}.Release|x86.Build.0 = Release|Any CPU
		{17F76BD0-69A1-496B-813A-5AD78197F254}.Debug|x86.ActiveCfg = Debug|Any CPU
		{17F76BD0-69A1-496B-813A-5AD78197F254}.Debug|x86.Build.0 = Debug|Any CPU
		{17F76BD0-69A1-496B-813A-5AD78197F254}.Release|x86.ActiveCfg = Release|Any CPU
		{17F76BD0-69A1-496B-813A-5AD78197F254}.Release|x86.Build.0 = Release|Any CPU
		{1834E45F-FDBD-459A-805D-EEDB8943D7AD}.Debug|x86.ActiveCfg = Debug|Any CPU
		{1834E45F-FDBD-459A-805D-EEDB8943D7AD}.Debug|x86.Build.0 = Debug|Any CPU
		{1834E45F-FDBD-459A-805D-EEDB8943D7AD}.Release|x86.ActiveCfg = Release|Any CPU
		{1834E45F-FDBD-459A-805D-EEDB8943D7AD}.Release|x86.Build.0 = Release|Any CPU
		{183F0348-98E4-4C67-9BC9-B1D9CEB40D12}.Debug|x86.ActiveCfg = Debug|Any CPU
		{183F0348-98E4-4C67-9BC9-B1D9CEB40D12}.Debug|x86.Build.0 = Debug|Any CPU
		{183F0348-98E4-4C67-9BC9-B1D9CEB40D12}.Release|x86.ActiveCfg = Release|Any CPU
		{183F0348-98E4-4C67-9BC9-B1D9CEB40D12}.Release|x86.Build.0 = Release|Any CPU
		{185D2D48-3773-454D-AC06-4384BAB96F2A}.Debug|x86.ActiveCfg = Debug|Any CPU
		{185D2D48-3773-454D-AC06-4384BAB96F2A}.Debug|x86.Build.0 = Debug|Any CPU
		{185D2D48-3773-454D-AC06-4384BAB96F2A}.Release|x86.ActiveCfg = Release|Any CPU
		{185D2D48-3773-454D-AC06-4384BAB96F2A}.Release|x86.Build.0 = Release|Any CPU
		{1B90AE52-0724-4D77-A06D-4BCF1C25DCBA}.Debug|x86.ActiveCfg = Debug|Any CPU
		{1B90AE52-0724-4D77-A06D-4BCF1C25DCBA}.Debug|x86.Build.0 = Debug|Any CPU
		{1B90AE52-0724-4D77-A06D-4BCF1C25DCBA}.Release|x86.ActiveCfg = Release|Any CPU
		{1B90AE52-0724-4D77-A06D-4BCF1C25DCBA}.Release|x86.Build.0 = Release|Any CPU
		{21145AAB-E43E-4AD5-8C10-A3E31F8DEDE0}.Debug|x86.ActiveCfg = Debug|Any CPU
		{21145AAB-E43E-4AD5-8C10-A3E31F8DEDE0}.Debug|x86.Build.0 = Debug|Any CPU
		{21145AAB-E43E-4AD5-8C10-A3E31F8DEDE0}.Release|x86.ActiveCfg = Release|Any CPU
		{21145AAB-E43E-4AD5-8C10-A3E31F8DEDE0}.Release|x86.Build.0 = Release|Any CPU
		{22022ACE-A645-40B7-908A-441CD854EA9A}.Debug|x86.ActiveCfg = Debug|Any CPU
		{22022ACE-A645-40B7-908A-441CD854EA9A}.Debug|x86.Build.0 = Debug|Any CPU
		{22022ACE-A645-40B7-908A-441CD854EA9A}.Release|x86.ActiveCfg = Release|Any CPU
		{22022ACE-A645-40B7-908A-441CD854EA9A}.Release|x86.Build.0 = Release|Any CPU
		{226E5496-FDF2-4765-9C43-D2A2770EE760}.Debug|x86.ActiveCfg = Debug|Any CPU
		{226E5496-FDF2-4765-9C43-D2A2770EE760}.Debug|x86.Build.0 = Debug|Any CPU
		{226E5496-FDF2-4765-9C43-D2A2770EE760}.Release|x86.ActiveCfg = Release|Any CPU
		{226E5496-FDF2-4765-9C43-D2A2770EE760}.Release|x86.Build.0 = Release|Any CPU
		{266CA400-6048-4CF6-875B-D3B7E2B19E90}.Debug|x86.ActiveCfg = Debug|Any CPU
		{266CA400-6048-4CF6-875B-D3B7E2B19E90}.Debug|x86.Build.0 = Debug|Any CPU
		{266CA400-6048-4CF6-875B-D3B7E2B19E90}.Release|x86.ActiveCfg = Release|Any CPU
		{266CA400-6048-4CF6-875B-D3B7E2B19E90}.Release|x86.Build.0 = Release|Any CPU
		{2740F5B5-682D-40F2-B578-FFF3EC0645FC}.Debug|x86.ActiveCfg = Debug|Any CPU
		{2740F5B5-682D-40F2-B578-FFF3EC0645FC}.Debug|x86.Build.0 = Debug|Any CPU
		{2740F5B5-682D-40F2-B578-FFF3EC0645FC}.Release|x86.ActiveCfg = Release|Any CPU
		{2740F5B5-682D-40F2-B578-FFF3EC0645FC}.Release|x86.Build.0 = Release|Any CPU
		{28D1A9B2-2D89-4F3C-A918-37D6A11D05FE}.Debug|x86.ActiveCfg = Debug|Any CPU
		{28D1A9B2-2D89-4F3C-A918-37D6A11D05FE}.Debug|x86.Build.0 = Debug|Any CPU
		{28D1A9B2-2D89-4F3C-A918-37D6A11D05FE}.Release|x86.ActiveCfg = Release|Any CPU
		{28D1A9B2-2D89-4F3C-A918-37D6A11D05FE}.Release|x86.Build.0 = Release|Any CPU
		{2C633D76-F5C2-4801-9564-BB4F68E020BE}.Debug|x86.ActiveCfg = Debug|Any CPU
		{2C633D76-F5C2-4801-9564-BB4F68E020BE}.Debug|x86.Build.0 = Debug|Any CPU
		{2C633D76-F5C2-4801-9564-BB4F68E020BE}.Release|x86.ActiveCfg = Release|Any CPU
		{2C633D76-F5C2-4801-9564-BB4F68E020BE}.Release|x86.Build.0 = Release|Any CPU
		{358A4A28-CB3B-470E-9311-73A63ADA0402}.Debug|x86.ActiveCfg = Debug|Any CPU
		{358A4A28-CB3B-470E-9311-73A63ADA0402}.Debug|x86.Build.0 = Debug|Any CPU
		{358A4A28-CB3B-470E-9311-73A63ADA0402}.Release|x86.ActiveCfg = Release|Any CPU
		{358A4A28-CB3B-470E-9311-73A63ADA0402}.Release|x86.Build.0 = Release|Any CPU
		{36C305B8-7501-41F1-BBDF-D92BE74A5BB7}.Debug|x86.ActiveCfg = Debug|Any CPU
		{36C305B8-7501-41F1-BBDF-D92BE74A5BB7}.Debug|x86.Build.0 = Debug|Any CPU
		{36C305B8-7501-41F1-BBDF-D92BE74A5BB7}.Release|x86.ActiveCfg = Release|Any CPU
		{36C305B8-7501-41F1-BBDF-D92BE74A5BB7}.Release|x86.Build.0 = Release|Any CPU
		{3797BB1B-720D-494D-9FA9-FDA907F84423}.Debug|x86.ActiveCfg = Debug|Any CPU
		{3797BB1B-720D-494D-9FA9-FDA907F84423}.Debug|x86.Build.0 = Debug|Any CPU
		{3797BB1B-720D-494D-9FA9-FDA907F84423}.Release|x86.ActiveCfg = Release|Any CPU
		{3797BB1B-720D-494D-9FA9-FDA907F84423}.Release|x86.Build.0 = Release|Any CPU
		{3A71B57E-2F80-47ED-B2DF-C1A52EFF065F}.Debug|x86.ActiveCfg = Debug|Any CPU
		{3A71B57E-2F80-47ED-B2DF-C1A52EFF065F}.Debug|x86.Build.0 = Debug|Any CPU
		{3A71B57E-2F80-47ED-B2DF-C1A52EFF065F}.Release|x86.ActiveCfg = Release|Any CPU
		{3A71B57E-2F80-47ED-B2DF-C1A52EFF065F}.Release|x86.Build.0 = Release|Any CPU
		{3ACBE050-C6C5-4F8A-9F81-B6F05719FD85}.Debug|x86.ActiveCfg = Debug|Any CPU
		{3ACBE050-C6C5-4F8A-9F81-B6F05719FD85}.Debug|x86.Build.0 = Debug|Any CPU
		{3ACBE050-C6C5-4F8A-9F81-B6F05719FD85}.Release|x86.ActiveCfg = Release|Any CPU
		{3ACBE050-C6C5-4F8A-9F81-B6F05719FD85}.Release|x86.Build.0 = Release|Any CPU
		{40488558-F21F-4863-A466-15F96A6CD131}.Debug|x86.ActiveCfg = Debug|Any CPU
		{40488558-F21F-4863-A466-15F96A6CD131}.Debug|x86.Build.0 = Debug|Any CPU
		{40488558-F21F-4863-A466-15F96A6CD131}.Release|x86.ActiveCfg = Release|Any CPU
		{40488558-F21F-4863-A466-15F96A6CD131}.Release|x86.Build.0 = Release|Any CPU
		{4A017485-9CB1-4B45-8D0B-BC3FAEC30C48}.Debug|x86.ActiveCfg = Debug|Any CPU
		{4A017485-9CB1-4B45-8D0B-BC3FAEC30C48}.Debug|x86.Build.0 = Debug|Any CPU
		{4A017485-9CB1-4B45-8D0B-BC3FAEC30C48}.Release|x86.ActiveCfg = Release|Any CPU
		{4A017485-9CB1-4B45-8D0B-BC3FAEC30C48}.Release|x86.Build.0 = Release|Any CPU
		{4BB52CBE-64B0-4E9C-812F-921ED3FB87AF}.Debug|x86.ActiveCfg = Debug|Any CPU
		{4BB52CBE-64B0-4E9C-812F-921ED3FB87AF}.Debug|x86.Build.0 = Debug|Any CPU
		{4BB52CBE-64B0-4E9C-812F-921ED3FB87AF}.Release|x86.ActiveCfg = Release|Any CPU
		{4BB52CBE-64B0-4E9C-812F-921ED3FB87AF}.Release|x86.Build.0 = Release|Any CPU
		{51AEF219-1F9D-4E9C-BA63-5999E7C266BA}.Debug|x86.ActiveCfg = Debug|Any CPU
		{51AEF219-1F9D-4E9C-BA63-5999E7C266BA}.Debug|x86.Build.0 = Debug|Any CPU
		{51AEF219-1F9D-4E9C-BA63-5999E7C266BA}.Release|x86.ActiveCfg = Release|Any CPU
		{51AEF219-1F9D-4E9C-BA63-5999E7C266BA}.Release|x86.Build.0 = Release|Any CPU
		{55C36D60-DFC6-458B-B8A7-21881CED4FA0}.Debug|x86.ActiveCfg = Debug|Any CPU
		{55C36D60-DFC6-458B-B8A7-21881CED4FA0}.Debug|x86.Build.0 = Debug|Any CPU
		{55C36D60-DFC6-458B-B8A7-21881CED4FA0}.Release|x86.ActiveCfg = Release|Any CPU
		{55C36D60-DFC6-458B-B8A7-21881CED4FA0}.Release|x86.Build.0 = Release|Any CPU
		{56ED583C-9885-460A-BE2E-1840DD8A2897}.Debug|x86.ActiveCfg = Debug|Any CPU
		{56ED583C-9885-460A-BE2E-1840DD8A2897}.Debug|x86.Build.0 = Debug|Any CPU
		{56ED583C-9885-460A-BE2E-1840DD8A2897}.Release|x86.ActiveCfg = Release|Any CPU
		{56ED583C-9885-460A-BE2E-1840DD8A2897}.Release|x86.Build.0 = Release|Any CPU
		{57EEA12B-00AE-44D4-908D-D27091708EBA}.Debug|x86.ActiveCfg = Debug|Any CPU
		{57EEA12B-00AE-44D4-908D-D27091708EBA}.Debug|x86.Build.0 = Debug|Any CPU
		{57EEA12B-00AE-44D4-908D-D27091708EBA}.Release|x86.ActiveCfg = Release|Any CPU
		{57EEA12B-00AE-44D4-908D-D27091708EBA}.Release|x86.Build.0 = Release|Any CPU
		{5D416C3A-5E9B-4BF0-87F3-7114828AF21B}.Debug|x86.ActiveCfg = Debug|Any CPU
		{5D416C3A-5E9B-4BF0-87F3-7114828AF21B}.Debug|x86.Build.0 = Debug|Any CPU
		{5D416C3A-5E9B-4BF0-87F3-7114828AF21B}.Release|x86.ActiveCfg = Release|Any CPU
		{5D416C3A-5E9B-4BF0-87F3-7114828AF21B}.Release|x86.Build.0 = Release|Any CPU
		{60E1C26D-D1BF-41F4-99CE-B6D5B6D44731}.Debug|x86.ActiveCfg = Debug|Any CPU
		{60E1C26D-D1BF-41F4-99CE-B6D5B6D44731}.Debug|x86.Build.0 = Debug|Any CPU
		{60E1C26D-D1BF-41F4-99CE-B6D5B6D44731}.Release|x86.ActiveCfg = Release|Any CPU
		{60E1C26D-D1BF-41F4-99CE-B6D5B6D44731}.Release|x86.Build.0 = Release|Any CPU
		{6413038E-77F7-4640-AFB7-5A2CA0606B5E}.Debug|x86.ActiveCfg = Debug|Any CPU
		{6413038E-77F7-4640-AFB7-5A2CA0606B5E}.Debug|x86.Build.0 = Debug|Any CPU
		{6413038E-77F7-4640-AFB7-5A2CA0606B5E}.Release|x86.ActiveCfg = Release|Any CPU
		{6413038E-77F7-4640-AFB7-5A2CA0606B5E}.Release|x86.Build.0 = Release|Any CPU
		{64735B4D-4D79-4F10-A191-6A3A9F9D54EB}.Debug|x86.ActiveCfg = Debug|Any CPU
		{64735B4D-4D79-4F10-A191-6A3A9F9D54EB}.Debug|x86.Build.0 = Debug|Any CPU
		{64735B4D-4D79-4F10-A191-6A3A9F9D54EB}.Release|x86.ActiveCfg = Release|Any CPU
		{64735B4D-4D79-4F10-A191-6A3A9F9D54EB}.Release|x86.Build.0 = Release|Any CPU
		{6547A65A-CDED-4A13-82D4-920F5582CC5D}.Debug|x86.ActiveCfg = Debug|Any CPU
		{6547A65A-CDED-4A13-82D4-920F5582CC5D}.Debug|x86.Build.0 = Debug|Any CPU
		{6547A65A-CDED-4A13-82D4-920F5582CC5D}.Release|x86.ActiveCfg = Release|Any CPU
		{6547A65A-CDED-4A13-82D4-920F5582CC5D}.Release|x86.Build.0 = Release|Any CPU
		{657D415E-1B45-40B1-8391-64A89A99B3FE}.Debug|x86.ActiveCfg = Debug|Any CPU
		{657D415E-1B45-40B1-8391-64A89A99B3FE}.Debug|x86.Build.0 = Debug|Any CPU
		{657D415E-1B45-40B1-8391-64A89A99B3FE}.Release|x86.ActiveCfg = Release|Any CPU
		{657D415E-1B45-40B1-8391-64A89A99B3FE}.Release|x86.Build.0 = Release|Any CPU
		{7088B853-71AC-4E95-915E-13F4AFCE3A06}.Debug|x86.ActiveCfg = Debug|Any CPU
		{7088B853-71AC-4E95-915E-13F4AFCE3A06}.Debug|x86.Build.0 = Debug|Any CPU
		{7088B853-71AC-4E95-915E-13F4AFCE3A06}.Release|x86.ActiveCfg = Release|Any CPU
		{7088B853-71AC-4E95-915E-13F4AFCE3A06}.Release|x86.Build.0 = Release|Any CPU
		{7253370C-DA43-43D7-B44D-FD635AC0482D}.Debug|x86.ActiveCfg = Debug|Any CPU
		{7253370C-DA43-43D7-B44D-FD635AC0482D}.Debug|x86.Build.0 = Debug|Any CPU
		{7253370C-DA43-43D7-B44D-FD635AC0482D}.Release|x86.ActiveCfg = Release|Any CPU
		{7253370C-DA43-43D7-B44D-FD635AC0482D}.Release|x86.Build.0 = Release|Any CPU
		{72DA50AF-C0DF-4319-8A45-E99E1D85CDB9}.Debug|x86.ActiveCfg = Debug|Any CPU
		{72DA50AF-C0DF-4319-8A45-E99E1D85CDB9}.Debug|x86.Build.0 = Debug|Any CPU
		{72DA50AF-C0DF-4319-8A45-E99E1D85CDB9}.Release|x86.ActiveCfg = Release|Any CPU
		{72DA50AF-C0DF-4319-8A45-E99E1D85CDB9}.Release|x86.Build.0 = Release|Any CPU
		{74444345-4DEA-4363-BC42-E59B96A5438C}.Debug|x86.ActiveCfg = Debug|Any CPU
		{74444345-4DEA-4363-BC42-E59B96A5438C}.Debug|x86.Build.0 = Debug|Any CPU
		{74444345-4DEA-4363-BC42-E59B96A5438C}.Release|x86.ActiveCfg = Release|Any CPU
		{74444345-4DEA-4363-BC42-E59B96A5438C}.Release|x86.Build.0 = Release|Any CPU
		{75954E48-9C52-4F6D-8947-13E9D574FBEA}.Debug|x86.ActiveCfg = Debug|Any CPU
		{75954E48-9C52-4F6D-8947-13E9D574FBEA}.Debug|x86.Build.0 = Debug|Any CPU
		{75954E48-9C52-4F6D-8947-13E9D574FBEA}.Release|x86.ActiveCfg = Release|Any CPU
		{75954E48-9C52-4F6D-8947-13E9D574FBEA}.Release|x86.Build.0 = Release|Any CPU
		{79FBBB8B-B07B-45E4-AD23-5556010C8B6F}.Debug|x86.ActiveCfg = Debug|Any CPU
		{79FBBB8B-B07B-45E4-AD23-5556010C8B6F}.Debug|x86.Build.0 = Debug|Any CPU
		{79FBBB8B-B07B-45E4-AD23-5556010C8B6F}.Release|x86.ActiveCfg = Release|Any CPU
		{79FBBB8B-B07B-45E4-AD23-5556010C8B6F}.Release|x86.Build.0 = Release|Any CPU
		{7AE08D52-2EA4-48E4-B7B9-379C3789B2B5}.Debug|x86.ActiveCfg = Debug|x86
		{7AE08D52-2EA4-48E4-B7B9-379C3789B2B5}.Debug|x86.Build.0 = Debug|x86
		{7AE08D52-2EA4-48E4-B7B9-379C3789B2B5}.Release|x86.ActiveCfg = Release|x86
		{7AE08D52-2EA4-48E4-B7B9-379C3789B2B5}.Release|x86.Build.0 = Release|x86
		{7C4CD88A-478E-4463-8D06-9B23282D8003}.Debug|x86.ActiveCfg = Debug|Any CPU
		{7C4CD88A-478E-4463-8D06-9B23282D8003}.Debug|x86.Build.0 = Debug|Any CPU
		{7C4CD88A-478E-4463-8D06-9B23282D8003}.Release|x86.ActiveCfg = Release|Any CPU
		{7C4CD88A-478E-4463-8D06-9B23282D8003}.Release|x86.Build.0 = Release|Any CPU
		{7CEA4BF7-37CD-4F93-B603-CF5FB9239B1F}.Debug|x86.ActiveCfg = Debug|Any CPU
		{7CEA4BF7-37CD-4F93-B603-CF5FB9239B1F}.Debug|x86.Build.0 = Debug|Any CPU
		{7CEA4BF7-37CD-4F93-B603-CF5FB9239B1F}.Release|x86.ActiveCfg = Release|Any CPU
		{7CEA4BF7-37CD-4F93-B603-CF5FB9239B1F}.Release|x86.Build.0 = Release|Any CPU
		{816B876F-E438-4F9E-85D8-B98BCCE57044}.Debug|x86.ActiveCfg = Debug|Any CPU
		{816B876F-E438-4F9E-85D8-B98BCCE57044}.Debug|x86.Build.0 = Debug|Any CPU
		{816B876F-E438-4F9E-85D8-B98BCCE57044}.Release|x86.ActiveCfg = Release|Any CPU
		{816B876F-E438-4F9E-85D8-B98BCCE57044}.Release|x86.Build.0 = Release|Any CPU
		{83DE5EAC-E8AD-4AE2-9F97-226B728E0F32}.Debug|x86.ActiveCfg = Debug|Any CPU
		{83DE5EAC-E8AD-4AE2-9F97-226B728E0F32}.Debug|x86.Build.0 = Debug|Any CPU
		{83DE5EAC-E8AD-4AE2-9F97-226B728E0F32}.Release|x86.ActiveCfg = Release|Any CPU
		{83DE5EAC-E8AD-4AE2-9F97-226B728E0F32}.Release|x86.Build.0 = Release|Any CPU
		{8B87057A-B2AF-4A07-8F2D-E91E930F9188}.Debug|x86.ActiveCfg = Debug|Any CPU
		{8B87057A-B2AF-4A07-8F2D-E91E930F9188}.Debug|x86.Build.0 = Debug|Any CPU
		{8B87057A-B2AF-4A07-8F2D-E91E930F9188}.Release|x86.ActiveCfg = Release|Any CPU
		{8B87057A-B2AF-4A07-8F2D-E91E930F9188}.Release|x86.Build.0 = Release|Any CPU
		{905C5BF1-D8C4-4F7A-9979-E2AFB68A10FD}.Debug|x86.ActiveCfg = Debug|Any CPU
		{905C5BF1-D8C4-4F7A-9979-E2AFB68A10FD}.Debug|x86.Build.0 = Debug|Any CPU
		{905C5BF1-D8C4-4F7A-9979-E2AFB68A10FD}.Release|x86.ActiveCfg = Release|Any CPU
		{905C5BF1-D8C4-4F7A-9979-E2AFB68A10FD}.Release|x86.Build.0 = Release|Any CPU
		{90623C03-B24B-4448-A81E-901BB4017F36}.Debug|x86.ActiveCfg = Debug|Any CPU
		{90623C03-B24B-4448-A81E-901BB4017F36}.Debug|x86.Build.0 = Debug|Any CPU
		{90623C03-B24B-4448-A81E-901BB4017F36}.Release|x86.ActiveCfg = Release|Any CPU
		{90623C03-B24B-4448-A81E-901BB4017F36}.Release|x86.Build.0 = Release|Any CPU
		{93E814EF-BF79-4A30-821C-C352A4D8E4DC}.Debug|x86.ActiveCfg = Debug|Any CPU
		{93E814EF-BF79-4A30-821C-C352A4D8E4DC}.Debug|x86.Build.0 = Debug|Any CPU
		{93E814EF-BF79-4A30-821C-C352A4D8E4DC}.Release|x86.ActiveCfg = Release|Any CPU
		{93E814EF-BF79-4A30-821C-C352A4D8E4DC}.Release|x86.Build.0 = Release|Any CPU
		{94087DF9-A442-4D4F-A863-E6F949B879BD}.Debug|x86.ActiveCfg = Debug|Any CPU
		{94087DF9-A442-4D4F-A863-E6F949B879BD}.Debug|x86.Build.0 = Debug|Any CPU
		{94087DF9-A442-4D4F-A863-E6F949B879BD}.Release|x86.ActiveCfg = Release|Any CPU
		{94087DF9-A442-4D4F-A863-E6F949B879BD}.Release|x86.Build.0 = Release|Any CPU
		{97B35E58-AC6B-44A6-A536-90FA39076265}.Debug|x86.ActiveCfg = Debug|Any CPU
		{97B35E58-AC6B-44A6-A536-90FA39076265}.Debug|x86.Build.0 = Debug|Any CPU
		{97B35E58-AC6B-44A6-A536-90FA39076265}.Release|x86.ActiveCfg = Release|Any CPU
		{97B35E58-AC6B-44A6-A536-90FA39076265}.Release|x86.Build.0 = Release|Any CPU
		{9B499C49-DA84-475A-B783-2A3D2DEAAA97}.Debug|x86.ActiveCfg = Debug|Any CPU
		{9B499C49-DA84-475A-B783-2A3D2DEAAA97}.Debug|x86.Build.0 = Debug|Any CPU
		{9B499C49-DA84-475A-B783-2A3D2DEAAA97}.Release|x86.ActiveCfg = Release|Any CPU
		{9B499C49-DA84-475A-B783-2A3D2DEAAA97}.Release|x86.Build.0 = Release|Any CPU
		{9FA88307-C7D6-46F4-9489-EAA3FAB07F9D}.Debug|x86.ActiveCfg = Debug|Any CPU
		{9FA88307-C7D6-46F4-9489-EAA3FAB07F9D}.Debug|x86.Build.0 = Debug|Any CPU
		{9FA88307-C7D6-46F4-9489-EAA3FAB07F9D}.Release|x86.ActiveCfg = Release|Any CPU
		{9FA88307-C7D6-46F4-9489-EAA3FAB07F9D}.Release|x86.Build.0 = Release|Any CPU
		{A0248BB9-1386-412C-904B-255B07FEF1CB}.Debug|x86.ActiveCfg = Debug|Any CPU
		{A0248BB9-1386-412C-904B-255B07FEF1CB}.Debug|x86.Build.0 = Debug|Any CPU
		{A0248BB9-1386-412C-904B-255B07FEF1CB}.Release|x86.ActiveCfg = Release|Any CPU
		{A0248BB9-1386-412C-904B-255B07FEF1CB}.Release|x86.Build.0 = Release|Any CPU
		{A456B539-600E-4685-9460-04506F64AF52}.Debug|x86.ActiveCfg = Debug|Any CPU
		{A456B539-600E-4685-9460-04506F64AF52}.Debug|x86.Build.0 = Debug|Any CPU
		{A456B539-600E-4685-9460-04506F64AF52}.Release|x86.ActiveCfg = Release|Any CPU
		{A456B539-600E-4685-9460-04506F64AF52}.Release|x86.Build.0 = Release|Any CPU
		{ADB1B6BE-28D3-4B10-BBFC-9224181F52C7}.Debug|x86.ActiveCfg = Debug|Any CPU
		{ADB1B6BE-28D3-4B10-BBFC-9224181F52C7}.Debug|x86.Build.0 = Debug|Any CPU
		{ADB1B6BE-28D3-4B10-BBFC-9224181F52C7}.Release|x86.ActiveCfg = Release|Any CPU
		{ADB1B6BE-28D3-4B10-BBFC-9224181F52C7}.Release|x86.Build.0 = Release|Any CPU
		{AEA7E588-A239-43A6-90F8-1660EB68FC51}.Debug|x86.ActiveCfg = Debug|Any CPU
		{AEA7E588-A239-43A6-90F8-1660EB68FC51}.Debug|x86.Build.0 = Debug|Any CPU
		{AEA7E588-A239-43A6-90F8-1660EB68FC51}.Release|x86.ActiveCfg = Release|Any CPU
		{AEA7E588-A239-43A6-90F8-1660EB68FC51}.Release|x86.Build.0 = Release|Any CPU
		{B14307C5-3973-45FA-AF81-A155E35F62F7}.Debug|x86.ActiveCfg = Debug|Any CPU
		{B14307C5-3973-45FA-AF81-A155E35F62F7}.Debug|x86.Build.0 = Debug|Any CPU
		{B14307C5-3973-45FA-AF81-A155E35F62F7}.Release|x86.ActiveCfg = Release|Any CPU
		{B14307C5-3973-45FA-AF81-A155E35F62F7}.Release|x86.Build.0 = Release|Any CPU
		{B1988D74-54AE-4031-B185-E046226BC359}.Debug|x86.ActiveCfg = Debug|Any CPU
		{B1988D74-54AE-4031-B185-E046226BC359}.Debug|x86.Build.0 = Debug|Any CPU
		{B1988D74-54AE-4031-B185-E046226BC359}.Release|x86.ActiveCfg = Release|Any CPU
		{B1988D74-54AE-4031-B185-E046226BC359}.Release|x86.Build.0 = Release|Any CPU
		{B1C180D0-5858-44C1-AC56-7897EF241EC2}.Debug|x86.ActiveCfg = Debug|Any CPU
		{B1C180D0-5858-44C1-AC56-7897EF241EC2}.Debug|x86.Build.0 = Debug|Any CPU
		{B1C180D0-5858-44C1-AC56-7897EF241EC2}.Release|x86.ActiveCfg = Release|Any CPU
		{B1C180D0-5858-44C1-AC56-7897EF241EC2}.Release|x86.Build.0 = Release|Any CPU
		{B362FA9C-9C48-49E5-8CF1-D9F69A4EE764}.Debug|x86.ActiveCfg = Debug|Any CPU
		{B362FA9C-9C48-49E5-8CF1-D9F69A4EE764}.Debug|x86.Build.0 = Debug|Any CPU
		{B362FA9C-9C48-49E5-8CF1-D9F69A4EE764}.Release|x86.ActiveCfg = Release|Any CPU
		{B362FA9C-9C48-49E5-8CF1-D9F69A4EE764}.Release|x86.Build.0 = Release|Any CPU
		{B785892B-10B1-43BA-897F-E6F02CC932D0}.Debug|x86.ActiveCfg = Debug|Any CPU
		{B785892B-10B1-43BA-897F-E6F02CC932D0}.Debug|x86.Build.0 = Debug|Any CPU
		{B785892B-10B1-43BA-897F-E6F02CC932D0}.Release|x86.ActiveCfg = Release|Any CPU
		{B785892B-10B1-43BA-897F-E6F02CC932D0}.Release|x86.Build.0 = Release|Any CPU
		{B9BFF4AB-1DEF-4BBF-9BFA-3F069D3F30E5}.Debug|x86.ActiveCfg = Debug|Any CPU
		{B9BFF4AB-1DEF-4BBF-9BFA-3F069D3F30E5}.Debug|x86.Build.0 = Debug|Any CPU
		{B9BFF4AB-1DEF-4BBF-9BFA-3F069D3F30E5}.Release|x86.ActiveCfg = Release|Any CPU
		{B9BFF4AB-1DEF-4BBF-9BFA-3F069D3F30E5}.Release|x86.Build.0 = Release|Any CPU
		{BEE63437-0DC5-4A9F-A8A6-16E755AE9B3B}.Debug|x86.ActiveCfg = Debug|Any CPU
		{BEE63437-0DC5-4A9F-A8A6-16E755AE9B3B}.Debug|x86.Build.0 = Debug|Any CPU
		{BEE63437-0DC5-4A9F-A8A6-16E755AE9B3B}.Release|x86.ActiveCfg = Release|Any CPU
		{BEE63437-0DC5-4A9F-A8A6-16E755AE9B3B}.Release|x86.Build.0 = Release|Any CPU
		{C596246A-A457-4518-B3A4-9A5A26019C2C}.Debug|x86.ActiveCfg = Debug|Any CPU
		{C596246A-A457-4518-B3A4-9A5A26019C2C}.Debug|x86.Build.0 = Debug|Any CPU
		{C596246A-A457-4518-B3A4-9A5A26019C2C}.Release|x86.ActiveCfg = Release|Any CPU
		{C596246A-A457-4518-B3A4-9A5A26019C2C}.Release|x86.Build.0 = Release|Any CPU
		{C71FEE3C-3DC6-4CAA-8466-C5574F1252BD}.Debug|x86.ActiveCfg = Debug|Any CPU
		{C71FEE3C-3DC6-4CAA-8466-C5574F1252BD}.Debug|x86.Build.0 = Debug|Any CPU
		{C71FEE3C-3DC6-4CAA-8466-C5574F1252BD}.Release|x86.ActiveCfg = Release|Any CPU
		{C71FEE3C-3DC6-4CAA-8466-C5574F1252BD}.Release|x86.Build.0 = Release|Any CPU
		{CC4908F8-3F6B-4F14-9179-64EF033B3371}.Debug|x86.ActiveCfg = Debug|Any CPU
		{CC4908F8-3F6B-4F14-9179-64EF033B3371}.Debug|x86.Build.0 = Debug|Any CPU
		{CC4908F8-3F6B-4F14-9179-64EF033B3371}.Release|x86.ActiveCfg = Release|Any CPU
		{CC4908F8-3F6B-4F14-9179-64EF033B3371}.Release|x86.Build.0 = Release|Any CPU
		{CD94FE2F-14E1-4B06-B2F1-F99E7A24F47C}.Debug|x86.ActiveCfg = Debug|Any CPU
		{CD94FE2F-14E1-4B06-B2F1-F99E7A24F47C}.Debug|x86.Build.0 = Debug|Any CPU
		{CD94FE2F-14E1-4B06-B2F1-F99E7A24F47C}.Release|x86.ActiveCfg = Release|Any CPU
		{CD94FE2F-14E1-4B06-B2F1-F99E7A24F47C}.Release|x86.Build.0 = Release|Any CPU
		{CF89C678-534D-4D6A-BAB5-D141B2CC1455}.Debug|x86.ActiveCfg = Debug|Any CPU
		{CF89C678-534D-4D6A-BAB5-D141B2CC1455}.Debug|x86.Build.0 = Debug|Any CPU
		{CF89C678-534D-4D6A-BAB5-D141B2CC1455}.Release|x86.ActiveCfg = Release|Any CPU
		{CF89C678-534D-4D6A-BAB5-D141B2CC1455}.Release|x86.Build.0 = Release|Any CPU
		{CFC8E9C1-30F7-4A4A-9B1E-9AFA4B474D9A}.Debug|x86.ActiveCfg = Debug|Any CPU
		{CFC8E9C1-30F7-4A4A-9B1E-9AFA4B474D9A}.Debug|x86.Build.0 = Debug|Any CPU
		{CFC8E9C1-30F7-4A4A-9B1E-9AFA4B474D9A}.Release|x86.ActiveCfg = Release|Any CPU
		{CFC8E9C1-30F7-4A4A-9B1E-9AFA4B474D9A}.Release|x86.Build.0 = Release|Any CPU
		{D07BC143-6F12-49E0-AD55-13E1EF6290F8}.Debug|x86.ActiveCfg = Debug|Any CPU
		{D07BC143-6F12-49E0-AD55-13E1EF6290F8}.Debug|x86.Build.0 = Debug|Any CPU
		{D07BC143-6F12-49E0-AD55-13E1EF6290F8}.Release|x86.ActiveCfg = Release|Any CPU
		{D07BC143-6F12-49E0-AD55-13E1EF6290F8}.Release|x86.Build.0 = Release|Any CPU
		{D18E3856-C30D-4E6C-8E11-FDDCF65E8763}.Debug|x86.ActiveCfg = Debug|Any CPU
		{D18E3856-C30D-4E6C-8E11-FDDCF65E8763}.Debug|x86.Build.0 = Debug|Any CPU
		{D18E3856-C30D-4E6C-8E11-FDDCF65E8763}.Release|x86.ActiveCfg = Release|Any CPU
		{D18E3856-C30D-4E6C-8E11-FDDCF65E8763}.Release|x86.Build.0 = Release|Any CPU
		{D8B5A34D-B277-44D0-9355-C8F380D4721B}.Debug|x86.ActiveCfg = Debug|Any CPU
		{D8B5A34D-B277-44D0-9355-C8F380D4721B}.Debug|x86.Build.0 = Debug|Any CPU
		{D8B5A34D-B277-44D0-9355-C8F380D4721B}.Release|x86.ActiveCfg = Release|Any CPU
		{D8B5A34D-B277-44D0-9355-C8F380D4721B}.Release|x86.Build.0 = Release|Any CPU
		{DE0A9156-9310-4766-AAE7-45C05A3984FB}.Debug|x86.ActiveCfg = Debug|Any CPU
		{DE0A9156-9310-4766-AAE7-45C05A3984FB}.Debug|x86.Build.0 = Debug|Any CPU
		{DE0A9156-9310-4766-AAE7-45C05A3984FB}.Release|x86.ActiveCfg = Release|Any CPU
		{DE0A9156-9310-4766-AAE7-45C05A3984FB}.Release|x86.Build.0 = Release|Any CPU
		{DEB45EAE-4BBD-49D7-9405-E32AE24FB5FB}.Debug|x86.ActiveCfg = Debug|Any CPU
		{DEB45EAE-4BBD-49D7-9405-E32AE24FB5FB}.Debug|x86.Build.0 = Debug|Any CPU
		{DEB45EAE-4BBD-49D7-9405-E32AE24FB5FB}.Release|x86.ActiveCfg = Release|Any CPU
		{DEB45EAE-4BBD-49D7-9405-E32AE24FB5FB}.Release|x86.Build.0 = Release|Any CPU
		{E177A49D-38C9-4D5E-95DF-1816EDB222B0}.Debug|x86.ActiveCfg = Debug|Any CPU
		{E177A49D-38C9-4D5E-95DF-1816EDB222B0}.Debug|x86.Build.0 = Debug|Any CPU
		{E177A49D-38C9-4D5E-95DF-1816EDB222B0}.Release|x86.ActiveCfg = Release|Any CPU
		{E177A49D-38C9-4D5E-95DF-1816EDB222B0}.Release|x86.Build.0 = Release|Any CPU
		{E1CD9735-71E9-4E13-BDBC-90CD5D1041C5}.Debug|x86.ActiveCfg = Debug|Any CPU
		{E1CD9735-71E9-4E13-BDBC-90CD5D1041C5}.Debug|x86.Build.0 = Debug|Any CPU
		{E1CD9735-71E9-4E13-BDBC-90CD5D1041C5}.Release|x86.ActiveCfg = Release|Any CPU
		{E1CD9735-71E9-4E13-BDBC-90CD5D1041C5}.Release|x86.Build.0 = Release|Any CPU
		{E20AD612-F023-4849-8AA0-C2A46DB10CB9}.Debug|x86.ActiveCfg = Debug|Any CPU
		{E20AD612-F023-4849-8AA0-C2A46DB10CB9}.Debug|x86.Build.0 = Debug|Any CPU
		{E20AD612-F023-4849-8AA0-C2A46DB10CB9}.Release|x86.ActiveCfg = Release|Any CPU
		{E20AD612-F023-4849-8AA0-C2A46DB10CB9}.Release|x86.Build.0 = Release|Any CPU
		{E27FAA80-9E4B-4CBE-970F-23E98879A3A0}.Debug|x86.ActiveCfg = Debug|Any CPU
		{E27FAA80-9E4B-4CBE-970F-23E98879A3A0}.Debug|x86.Build.0 = Debug|Any CPU
		{E27FAA80-9E4B-4CBE-970F-23E98879A3A0}.Release|x86.ActiveCfg = Release|Any CPU
		{E27FAA80-9E4B-4CBE-970F-23E98879A3A0}.Release|x86.Build.0 = Release|Any CPU
		{E3CA865E-AFBF-40C4-B7CE-0CEF37F4B21F}.Debug|x86.ActiveCfg = Debug|Any CPU
		{E3CA865E-AFBF-40C4-B7CE-0CEF37F4B21F}.Debug|x86.Build.0 = Debug|Any CPU
		{E3CA865E-AFBF-40C4-B7CE-0CEF37F4B21F}.Release|x86.ActiveCfg = Release|Any CPU
		{E3CA865E-AFBF-40C4-B7CE-0CEF37F4B21F}.Release|x86.Build.0 = Release|Any CPU
		{E7CDD6AF-5CF7-4BDE-97C0-55E2B7CC3E1E}.Debug|x86.ActiveCfg = Debug|Any CPU
		{E7CDD6AF-5CF7-4BDE-97C0-55E2B7CC3E1E}.Debug|x86.Build.0 = Debug|Any CPU
		{E7CDD6AF-5CF7-4BDE-97C0-55E2B7CC3E1E}.Release|x86.ActiveCfg = Release|Any CPU
		{E7CDD6AF-5CF7-4BDE-97C0-55E2B7CC3E1E}.Release|x86.Build.0 = Release|Any CPU
		{EC588350-36AF-4861-94E2-31BC482B6042}.Debug|x86.ActiveCfg = Debug|Any CPU
		{EC588350-36AF-4861-94E2-31BC482B6042}.Debug|x86.Build.0 = Debug|Any CPU
		{EC588350-36AF-4861-94E2-31BC482B6042}.Release|x86.ActiveCfg = Release|Any CPU
		{EC588350-36AF-4861-94E2-31BC482B6042}.Release|x86.Build.0 = Release|Any CPU
		{EED2576B-7B84-4749-B5F1-1B58FD57AEA0}.Debug|x86.ActiveCfg = Debug|Any CPU
		{EED2576B-7B84-4749-B5F1-1B58FD57AEA0}.Debug|x86.Build.0 = Debug|Any CPU
		{EED2576B-7B84-4749-B5F1-1B58FD57AEA0}.Release|x86.ActiveCfg = Release|Any CPU
		{EED2576B-7B84-4749-B5F1-1B58FD57AEA0}.Release|x86.Build.0 = Release|Any CPU
		{F6E4EB51-5680-455D-A1CD-CF85E9E001D1}.Debug|x86.ActiveCfg = Debug|Any CPU
		{F6E4EB51-5680-455D-A1CD-CF85E9E001D1}.Debug|x86.Build.0 = Debug|Any CPU
		{F6E4EB51-5680-455D-A1CD-CF85E9E001D1}.Release|x86.ActiveCfg = Release|Any CPU
		{F6E4EB51-5680-455D-A1CD-CF85E9E001D1}.Release|x86.Build.0 = Release|Any CPU
		{F8166152-ED2A-473F-A191-3FC88F611512}.Debug|x86.ActiveCfg = Debug|Any CPU
		{F8166152-ED2A-473F-A191-3FC88F611512}.Debug|x86.Build.0 = Debug|Any CPU
		{F8166152-ED2A-473F-A191-3FC88F611512}.Release|x86.ActiveCfg = Release|Any CPU
		{F8166152-ED2A-473F-A191-3FC88F611512}.Release|x86.Build.0 = Release|Any CPU
		{F898DC42-348B-41DF-8897-CBCC1508C01A}.Debug|x86.ActiveCfg = Debug|Any CPU
		{F898DC42-348B-41DF-8897-CBCC1508C01A}.Debug|x86.Build.0 = Debug|Any CPU
		{F898DC42-348B-41DF-8897-CBCC1508C01A}.Release|x86.ActiveCfg = Release|Any CPU
		{F898DC42-348B-41DF-8897-CBCC1508C01A}.Release|x86.Build.0 = Release|Any CPU
		{FC857A79-4E41-47A2-A542-EE05212148BE}.Debug|x86.ActiveCfg = Debug|Any CPU
		{FC857A79-4E41-47A2-A542-EE05212148BE}.Debug|x86.Build.0 = Debug|Any CPU
		{FC857A79-4E41-47A2-A542-EE05212148BE}.Release|x86.ActiveCfg = Release|Any CPU
		{FC857A79-4E41-47A2-A542-EE05212148BE}.Release|x86.Build.0 = Release|Any CPU
	EndGlobalSection
	GlobalSection(NestedProjects) = preSolution
	EndGlobalSection
EndGlobal
